// !$*UTF8*$!
{
	archiveVersion = 1;
	classes = {
	};
	objectVersion = 48;
	objects = {

/* Begin PBXBuildFile section */
		18D87068F2A01682057A326D /* Pods_GitHubberUITests.framework in Frameworks */ = {isa = PBXBuildFile; fileRef = 190810D04457F33BB7CC4D93 /* Pods_GitHubberUITests.framework */; };
		1A9789E70DDA960D33F472FA /* Pods_GitHubberTests.framework in Frameworks */ = {isa = PBXBuildFile; fileRef = 74DDFF51455B62D7282BB5F4 /* Pods_GitHubberTests.framework */; };
		CE206748206344590083E825 /* AppDelegate.swift in Sources */ = {isa = PBXBuildFile; fileRef = CE206747206344590083E825 /* AppDelegate.swift */; };
		CE20674A206344590083E825 /* ViewController.swift in Sources */ = {isa = PBXBuildFile; fileRef = CE206749206344590083E825 /* ViewController.swift */; };
		CE20674D206344590083E825 /* Main.storyboard in Resources */ = {isa = PBXBuildFile; fileRef = CE20674B206344590083E825 /* Main.storyboard */; };
		CE20674F206344590083E825 /* Assets.xcassets in Resources */ = {isa = PBXBuildFile; fileRef = CE20674E206344590083E825 /* Assets.xcassets */; };
		CE206752206344590083E825 /* LaunchScreen.storyboard in Resources */ = {isa = PBXBuildFile; fileRef = CE206750206344590083E825 /* LaunchScreen.storyboard */; };
		CE20675D206344590083E825 /* GitHubberTests.swift in Sources */ = {isa = PBXBuildFile; fileRef = CE20675C206344590083E825 /* GitHubberTests.swift */; };
		CE206768206344590083E825 /* GitHubberUITests.swift in Sources */ = {isa = PBXBuildFile; fileRef = CE206767206344590083E825 /* GitHubberUITests.swift */; };
		CE206780206481930083E825 /* schema.json in Resources */ = {isa = PBXBuildFile; fileRef = CE20677F206481930083E825 /* schema.json */; };
		CE206781206481930083E825 /* schema.json in Resources */ = {isa = PBXBuildFile; fileRef = CE20677F206481930083E825 /* schema.json */; };
		CE206782206481930083E825 /* schema.json in Resources */ = {isa = PBXBuildFile; fileRef = CE20677F206481930083E825 /* schema.json */; };
		CE2067CE206492B10083E825 /* API.swift in Sources */ = {isa = PBXBuildFile; fileRef = CE2067CD206492B00083E825 /* API.swift */; };
		CE2067CF206492B10083E825 /* API.swift in Sources */ = {isa = PBXBuildFile; fileRef = CE2067CD206492B00083E825 /* API.swift */; };
		CE2067D0206492B10083E825 /* API.swift in Sources */ = {isa = PBXBuildFile; fileRef = CE2067CD206492B00083E825 /* API.swift */; };
		CE2067FE20692C870083E825 /* Repos.graphql in Resources */ = {isa = PBXBuildFile; fileRef = CE2067FD20692C870083E825 /* Repos.graphql */; };
		CE2067FF20692C870083E825 /* Repos.graphql in Resources */ = {isa = PBXBuildFile; fileRef = CE2067FD20692C870083E825 /* Repos.graphql */; };
		CE20680020692C870083E825 /* Repos.graphql in Resources */ = {isa = PBXBuildFile; fileRef = CE2067FD20692C870083E825 /* Repos.graphql */; };
		CE46674A20692D1D00FB8BFC /* DataManager.swift in Sources */ = {isa = PBXBuildFile; fileRef = CE46674920692D1D00FB8BFC /* DataManager.swift */; };
		CE46674B20692D1D00FB8BFC /* DataManager.swift in Sources */ = {isa = PBXBuildFile; fileRef = CE46674920692D1D00FB8BFC /* DataManager.swift */; };
		CE46674C20692D1D00FB8BFC /* DataManager.swift in Sources */ = {isa = PBXBuildFile; fileRef = CE46674920692D1D00FB8BFC /* DataManager.swift */; };
		CE46674F20692D2B00FB8BFC /* RepoVO.swift in Sources */ = {isa = PBXBuildFile; fileRef = CE46674E20692D2B00FB8BFC /* RepoVO.swift */; };
		CE46675020692D2B00FB8BFC /* RepoVO.swift in Sources */ = {isa = PBXBuildFile; fileRef = CE46674E20692D2B00FB8BFC /* RepoVO.swift */; };
		CE46675120692D2B00FB8BFC /* RepoVO.swift in Sources */ = {isa = PBXBuildFile; fileRef = CE46674E20692D2B00FB8BFC /* RepoVO.swift */; };
		CE46675520692D3C00FB8BFC /* Config.swift in Sources */ = {isa = PBXBuildFile; fileRef = CE46675320692D3C00FB8BFC /* Config.swift */; };
		CE46675620692D3C00FB8BFC /* Config.swift in Sources */ = {isa = PBXBuildFile; fileRef = CE46675320692D3C00FB8BFC /* Config.swift */; };
		CE46675720692D3C00FB8BFC /* Config.swift in Sources */ = {isa = PBXBuildFile; fileRef = CE46675320692D3C00FB8BFC /* Config.swift */; };
		CE46675820692D3C00FB8BFC /* Errors.swift in Sources */ = {isa = PBXBuildFile; fileRef = CE46675420692D3C00FB8BFC /* Errors.swift */; };
		CE46675920692D3C00FB8BFC /* Errors.swift in Sources */ = {isa = PBXBuildFile; fileRef = CE46675420692D3C00FB8BFC /* Errors.swift */; };
		CE46675A20692D3C00FB8BFC /* Errors.swift in Sources */ = {isa = PBXBuildFile; fileRef = CE46675420692D3C00FB8BFC /* Errors.swift */; };
		CE46675C2069C6B900FB8BFC /* RepoListingViewController.swift in Sources */ = {isa = PBXBuildFile; fileRef = CE46675B2069C6B900FB8BFC /* RepoListingViewController.swift */; };
		CE46675D2069C6B900FB8BFC /* RepoListingViewController.swift in Sources */ = {isa = PBXBuildFile; fileRef = CE46675B2069C6B900FB8BFC /* RepoListingViewController.swift */; };
		CE46675E2069C6B900FB8BFC /* RepoListingViewController.swift in Sources */ = {isa = PBXBuildFile; fileRef = CE46675B2069C6B900FB8BFC /* RepoListingViewController.swift */; };
		CE4667602069C7E300FB8BFC /* AppModel.swift in Sources */ = {isa = PBXBuildFile; fileRef = CE46675F2069C7E300FB8BFC /* AppModel.swift */; };
		CE4667612069C7E300FB8BFC /* AppModel.swift in Sources */ = {isa = PBXBuildFile; fileRef = CE46675F2069C7E300FB8BFC /* AppModel.swift */; };
		CE4667622069C7E300FB8BFC /* AppModel.swift in Sources */ = {isa = PBXBuildFile; fileRef = CE46675F2069C7E300FB8BFC /* AppModel.swift */; };
		CE4667652069C87600FB8BFC /* RepoTableCell.swift in Sources */ = {isa = PBXBuildFile; fileRef = CE4667642069C87600FB8BFC /* RepoTableCell.swift */; };
		CE4667662069C87600FB8BFC /* RepoTableCell.swift in Sources */ = {isa = PBXBuildFile; fileRef = CE4667642069C87600FB8BFC /* RepoTableCell.swift */; };
		CE4667672069C87600FB8BFC /* RepoTableCell.swift in Sources */ = {isa = PBXBuildFile; fileRef = CE4667642069C87600FB8BFC /* RepoTableCell.swift */; };
		CE4667692069ED4600FB8BFC /* RepoEntry.swift in Sources */ = {isa = PBXBuildFile; fileRef = CE4667682069ED4600FB8BFC /* RepoEntry.swift */; };
		CE46676A2069ED4600FB8BFC /* RepoEntry.swift in Sources */ = {isa = PBXBuildFile; fileRef = CE4667682069ED4600FB8BFC /* RepoEntry.swift */; };
		CE46676B2069ED4600FB8BFC /* RepoEntry.swift in Sources */ = {isa = PBXBuildFile; fileRef = CE4667682069ED4600FB8BFC /* RepoEntry.swift */; };
		CE46676D2069F74700FB8BFC /* Alerter.swift in Sources */ = {isa = PBXBuildFile; fileRef = CE46676C2069F74700FB8BFC /* Alerter.swift */; };
		CE46676E2069F74700FB8BFC /* Alerter.swift in Sources */ = {isa = PBXBuildFile; fileRef = CE46676C2069F74700FB8BFC /* Alerter.swift */; };
		CE46676F2069F74700FB8BFC /* Alerter.swift in Sources */ = {isa = PBXBuildFile; fileRef = CE46676C2069F74700FB8BFC /* Alerter.swift */; };
		CE466771206A00F800FB8BFC /* RepoDetailsViewController.swift in Sources */ = {isa = PBXBuildFile; fileRef = CE466770206A00F800FB8BFC /* RepoDetailsViewController.swift */; };
		CE466772206A00F800FB8BFC /* RepoDetailsViewController.swift in Sources */ = {isa = PBXBuildFile; fileRef = CE466770206A00F800FB8BFC /* RepoDetailsViewController.swift */; };
		CE466773206A00F800FB8BFC /* RepoDetailsViewController.swift in Sources */ = {isa = PBXBuildFile; fileRef = CE466770206A00F800FB8BFC /* RepoDetailsViewController.swift */; };
		CE466775206AAC9500FB8BFC /* RepoDetailsTableCell.swift in Sources */ = {isa = PBXBuildFile; fileRef = CE466774206AAC9500FB8BFC /* RepoDetailsTableCell.swift */; };
		CE466776206AAC9500FB8BFC /* RepoDetailsTableCell.swift in Sources */ = {isa = PBXBuildFile; fileRef = CE466774206AAC9500FB8BFC /* RepoDetailsTableCell.swift */; };
		CE466777206AAC9500FB8BFC /* RepoDetailsTableCell.swift in Sources */ = {isa = PBXBuildFile; fileRef = CE466774206AAC9500FB8BFC /* RepoDetailsTableCell.swift */; };
		FC988A03E6208E186B311AFA /* Pods_GitHubber.framework in Frameworks */ = {isa = PBXBuildFile; fileRef = 7DD769F407C83483F663EC7A /* Pods_GitHubber.framework */; };
/* End PBXBuildFile section */

/* Begin PBXContainerItemProxy section */
		CE206759206344590083E825 /* PBXContainerItemProxy */ = {
			isa = PBXContainerItemProxy;
			containerPortal = CE20673C206344590083E825 /* Project object */;
			proxyType = 1;
			remoteGlobalIDString = CE206743206344590083E825;
			remoteInfo = GitHubber;
		};
		CE206764206344590083E825 /* PBXContainerItemProxy */ = {
			isa = PBXContainerItemProxy;
			containerPortal = CE20673C206344590083E825 /* Project object */;
			proxyType = 1;
			remoteGlobalIDString = CE206743206344590083E825;
			remoteInfo = GitHubber;
		};
/* End PBXContainerItemProxy section */

/* Begin PBXFileReference section */
		190810D04457F33BB7CC4D93 /* Pods_GitHubberUITests.framework */ = {isa = PBXFileReference; explicitFileType = wrapper.framework; includeInIndex = 0; path = Pods_GitHubberUITests.framework; sourceTree = BUILT_PRODUCTS_DIR; };
		4C462A8A23E08D3119651777 /* Pods-GitHubber.release.xcconfig */ = {isa = PBXFileReference; includeInIndex = 1; lastKnownFileType = text.xcconfig; name = "Pods-GitHubber.release.xcconfig"; path = "Pods/Target Support Files/Pods-GitHubber/Pods-GitHubber.release.xcconfig"; sourceTree = "<group>"; };
		74DDFF51455B62D7282BB5F4 /* Pods_GitHubberTests.framework */ = {isa = PBXFileReference; explicitFileType = wrapper.framework; includeInIndex = 0; path = Pods_GitHubberTests.framework; sourceTree = BUILT_PRODUCTS_DIR; };
		7DD769F407C83483F663EC7A /* Pods_GitHubber.framework */ = {isa = PBXFileReference; explicitFileType = wrapper.framework; includeInIndex = 0; path = Pods_GitHubber.framework; sourceTree = BUILT_PRODUCTS_DIR; };
		8E6BEDAC478864C19B59FC81 /* Pods-GitHubberUITests.release.xcconfig */ = {isa = PBXFileReference; includeInIndex = 1; lastKnownFileType = text.xcconfig; name = "Pods-GitHubberUITests.release.xcconfig"; path = "Pods/Target Support Files/Pods-GitHubberUITests/Pods-GitHubberUITests.release.xcconfig"; sourceTree = "<group>"; };
		A36D580E262D4F9E5F847FB8 /* Pods-GitHubber.debug.xcconfig */ = {isa = PBXFileReference; includeInIndex = 1; lastKnownFileType = text.xcconfig; name = "Pods-GitHubber.debug.xcconfig"; path = "Pods/Target Support Files/Pods-GitHubber/Pods-GitHubber.debug.xcconfig"; sourceTree = "<group>"; };
		CE206744206344590083E825 /* GitHubber.app */ = {isa = PBXFileReference; explicitFileType = wrapper.application; includeInIndex = 0; path = GitHubber.app; sourceTree = BUILT_PRODUCTS_DIR; };
		CE206747206344590083E825 /* AppDelegate.swift */ = {isa = PBXFileReference; lastKnownFileType = sourcecode.swift; path = AppDelegate.swift; sourceTree = "<group>"; };
		CE206749206344590083E825 /* ViewController.swift */ = {isa = PBXFileReference; lastKnownFileType = sourcecode.swift; path = ViewController.swift; sourceTree = "<group>"; };
		CE20674C206344590083E825 /* Base */ = {isa = PBXFileReference; lastKnownFileType = file.storyboard; name = Base; path = Base.lproj/Main.storyboard; sourceTree = "<group>"; };
		CE20674E206344590083E825 /* Assets.xcassets */ = {isa = PBXFileReference; lastKnownFileType = folder.assetcatalog; path = Assets.xcassets; sourceTree = "<group>"; };
		CE206751206344590083E825 /* Base */ = {isa = PBXFileReference; lastKnownFileType = file.storyboard; name = Base; path = Base.lproj/LaunchScreen.storyboard; sourceTree = "<group>"; };
		CE206753206344590083E825 /* Info.plist */ = {isa = PBXFileReference; lastKnownFileType = text.plist.xml; path = Info.plist; sourceTree = "<group>"; };
		CE206758206344590083E825 /* GitHubberTests.xctest */ = {isa = PBXFileReference; explicitFileType = wrapper.cfbundle; includeInIndex = 0; path = GitHubberTests.xctest; sourceTree = BUILT_PRODUCTS_DIR; };
		CE20675C206344590083E825 /* GitHubberTests.swift */ = {isa = PBXFileReference; lastKnownFileType = sourcecode.swift; path = GitHubberTests.swift; sourceTree = "<group>"; };
		CE20675E206344590083E825 /* Info.plist */ = {isa = PBXFileReference; lastKnownFileType = text.plist.xml; path = Info.plist; sourceTree = "<group>"; };
		CE206763206344590083E825 /* GitHubberUITests.xctest */ = {isa = PBXFileReference; explicitFileType = wrapper.cfbundle; includeInIndex = 0; path = GitHubberUITests.xctest; sourceTree = BUILT_PRODUCTS_DIR; };
		CE206767206344590083E825 /* GitHubberUITests.swift */ = {isa = PBXFileReference; lastKnownFileType = sourcecode.swift; path = GitHubberUITests.swift; sourceTree = "<group>"; };
		CE206769206344590083E825 /* Info.plist */ = {isa = PBXFileReference; lastKnownFileType = text.plist.xml; path = Info.plist; sourceTree = "<group>"; };
		CE20677F206481930083E825 /* schema.json */ = {isa = PBXFileReference; fileEncoding = 4; lastKnownFileType = text.json; path = schema.json; sourceTree = "<group>"; };
		CE2067CD206492B00083E825 /* API.swift */ = {isa = PBXFileReference; fileEncoding = 4; lastKnownFileType = sourcecode.swift; path = API.swift; sourceTree = "<group>"; };
		CE2067FD20692C870083E825 /* Repos.graphql */ = {isa = PBXFileReference; fileEncoding = 4; lastKnownFileType = text; path = Repos.graphql; sourceTree = "<group>"; };
		CE46674920692D1D00FB8BFC /* DataManager.swift */ = {isa = PBXFileReference; fileEncoding = 4; lastKnownFileType = sourcecode.swift; name = DataManager.swift; path = GitHubber/utils/DataManager.swift; sourceTree = SOURCE_ROOT; };
		CE46674E20692D2B00FB8BFC /* RepoVO.swift */ = {isa = PBXFileReference; fileEncoding = 4; lastKnownFileType = sourcecode.swift; name = RepoVO.swift; path = GitHubber/vo/RepoVO.swift; sourceTree = SOURCE_ROOT; };
		CE46675320692D3C00FB8BFC /* Config.swift */ = {isa = PBXFileReference; fileEncoding = 4; lastKnownFileType = sourcecode.swift; name = Config.swift; path = GitHubber/constants/Config.swift; sourceTree = SOURCE_ROOT; };
		CE46675420692D3C00FB8BFC /* Errors.swift */ = {isa = PBXFileReference; fileEncoding = 4; lastKnownFileType = sourcecode.swift; name = Errors.swift; path = GitHubber/constants/Errors.swift; sourceTree = SOURCE_ROOT; };
		CE46675B2069C6B900FB8BFC /* RepoListingViewController.swift */ = {isa = PBXFileReference; fileEncoding = 4; lastKnownFileType = sourcecode.swift; path = RepoListingViewController.swift; sourceTree = "<group>"; };
		CE46675F2069C7E300FB8BFC /* AppModel.swift */ = {isa = PBXFileReference; lastKnownFileType = sourcecode.swift; path = AppModel.swift; sourceTree = "<group>"; };
		CE4667642069C87600FB8BFC /* RepoTableCell.swift */ = {isa = PBXFileReference; lastKnownFileType = sourcecode.swift; path = RepoTableCell.swift; sourceTree = "<group>"; };
		CE4667682069ED4600FB8BFC /* RepoEntry.swift */ = {isa = PBXFileReference; lastKnownFileType = sourcecode.swift; name = RepoEntry.swift; path = GitHubber/views/RepoEntry.swift; sourceTree = SOURCE_ROOT; };
		CE46676C2069F74700FB8BFC /* Alerter.swift */ = {isa = PBXFileReference; lastKnownFileType = sourcecode.swift; name = Alerter.swift; path = GitHubber/utils/Alerter.swift; sourceTree = SOURCE_ROOT; };
		CE466770206A00F800FB8BFC /* RepoDetailsViewController.swift */ = {isa = PBXFileReference; lastKnownFileType = sourcecode.swift; path = RepoDetailsViewController.swift; sourceTree = "<group>"; };
		CE466774206AAC9500FB8BFC /* RepoDetailsTableCell.swift */ = {isa = PBXFileReference; lastKnownFileType = sourcecode.swift; path = RepoDetailsTableCell.swift; sourceTree = "<group>"; };
		E4AB6FADA6447C4020DE90F9 /* Pods-GitHubberTests.release.xcconfig */ = {isa = PBXFileReference; includeInIndex = 1; lastKnownFileType = text.xcconfig; name = "Pods-GitHubberTests.release.xcconfig"; path = "Pods/Target Support Files/Pods-GitHubberTests/Pods-GitHubberTests.release.xcconfig"; sourceTree = "<group>"; };
		EF30FDC28D542EA3305FA291 /* Pods-GitHubberTests.debug.xcconfig */ = {isa = PBXFileReference; includeInIndex = 1; lastKnownFileType = text.xcconfig; name = "Pods-GitHubberTests.debug.xcconfig"; path = "Pods/Target Support Files/Pods-GitHubberTests/Pods-GitHubberTests.debug.xcconfig"; sourceTree = "<group>"; };
		F423F51F0AEE147179C8C765 /* Pods-GitHubberUITests.debug.xcconfig */ = {isa = PBXFileReference; includeInIndex = 1; lastKnownFileType = text.xcconfig; name = "Pods-GitHubberUITests.debug.xcconfig"; path = "Pods/Target Support Files/Pods-GitHubberUITests/Pods-GitHubberUITests.debug.xcconfig"; sourceTree = "<group>"; };
/* End PBXFileReference section */

/* Begin PBXFrameworksBuildPhase section */
		CE206741206344590083E825 /* Frameworks */ = {
			isa = PBXFrameworksBuildPhase;
			buildActionMask = 2147483647;
			files = (
				FC988A03E6208E186B311AFA /* Pods_GitHubber.framework in Frameworks */,
			);
			runOnlyForDeploymentPostprocessing = 0;
		};
		CE206755206344590083E825 /* Frameworks */ = {
			isa = PBXFrameworksBuildPhase;
			buildActionMask = 2147483647;
			files = (
				1A9789E70DDA960D33F472FA /* Pods_GitHubberTests.framework in Frameworks */,
			);
			runOnlyForDeploymentPostprocessing = 0;
		};
		CE206760206344590083E825 /* Frameworks */ = {
			isa = PBXFrameworksBuildPhase;
			buildActionMask = 2147483647;
			files = (
				18D87068F2A01682057A326D /* Pods_GitHubberUITests.framework in Frameworks */,
			);
			runOnlyForDeploymentPostprocessing = 0;
		};
/* End PBXFrameworksBuildPhase section */

/* Begin PBXGroup section */
		5354FD120015C98D17F95AD8 /* Frameworks */ = {
			isa = PBXGroup;
			children = (
				7DD769F407C83483F663EC7A /* Pods_GitHubber.framework */,
				74DDFF51455B62D7282BB5F4 /* Pods_GitHubberTests.framework */,
				190810D04457F33BB7CC4D93 /* Pods_GitHubberUITests.framework */,
			);
			name = Frameworks;
			sourceTree = "<group>";
		};
		ADA8A7C389C621EFD6764C08 /* Pods */ = {
			isa = PBXGroup;
			children = (
				A36D580E262D4F9E5F847FB8 /* Pods-GitHubber.debug.xcconfig */,
				4C462A8A23E08D3119651777 /* Pods-GitHubber.release.xcconfig */,
				EF30FDC28D542EA3305FA291 /* Pods-GitHubberTests.debug.xcconfig */,
				E4AB6FADA6447C4020DE90F9 /* Pods-GitHubberTests.release.xcconfig */,
				F423F51F0AEE147179C8C765 /* Pods-GitHubberUITests.debug.xcconfig */,
				8E6BEDAC478864C19B59FC81 /* Pods-GitHubberUITests.release.xcconfig */,
			);
			name = Pods;
			sourceTree = "<group>";
		};
		CE20673B206344590083E825 = {
			isa = PBXGroup;
			children = (
				CE206746206344590083E825 /* GitHubber */,
				CE20675B206344590083E825 /* GitHubberTests */,
				CE206766206344590083E825 /* GitHubberUITests */,
				CE206745206344590083E825 /* Products */,
				ADA8A7C389C621EFD6764C08 /* Pods */,
				5354FD120015C98D17F95AD8 /* Frameworks */,
			);
			sourceTree = "<group>";
		};
		CE206745206344590083E825 /* Products */ = {
			isa = PBXGroup;
			children = (
				CE206744206344590083E825 /* GitHubber.app */,
				CE206758206344590083E825 /* GitHubberTests.xctest */,
				CE206763206344590083E825 /* GitHubberUITests.xctest */,
			);
			name = Products;
			sourceTree = "<group>";
		};
		CE206746206344590083E825 /* GitHubber */ = {
			isa = PBXGroup;
			children = (
				CE4667632069C85400FB8BFC /* views */,
				CE46675220692D3100FB8BFC /* constants */,
				CE46674D20692D2000FB8BFC /* vo */,
				CE46674820692D0D00FB8BFC /* utils */,
				CE2067CD206492B00083E825 /* API.swift */,
				CE20677F206481930083E825 /* schema.json */,
				CE206747206344590083E825 /* AppDelegate.swift */,
				CE206749206344590083E825 /* ViewController.swift */,
				CE46675B2069C6B900FB8BFC /* RepoListingViewController.swift */,
				CE466770206A00F800FB8BFC /* RepoDetailsViewController.swift */,
				CE2067FD20692C870083E825 /* Repos.graphql */,
				CE20674B206344590083E825 /* Main.storyboard */,
				CE20674E206344590083E825 /* Assets.xcassets */,
				CE206750206344590083E825 /* LaunchScreen.storyboard */,
				CE206753206344590083E825 /* Info.plist */,
				CE46675F2069C7E300FB8BFC /* AppModel.swift */,
			);
			path = GitHubber;
			sourceTree = "<group>";
		};
		CE20675B206344590083E825 /* GitHubberTests */ = {
			isa = PBXGroup;
			children = (
				CE20675C206344590083E825 /* GitHubberTests.swift */,
				CE20675E206344590083E825 /* Info.plist */,
			);
			path = GitHubberTests;
			sourceTree = "<group>";
		};
		CE206766206344590083E825 /* GitHubberUITests */ = {
			isa = PBXGroup;
			children = (
				CE206767206344590083E825 /* GitHubberUITests.swift */,
				CE206769206344590083E825 /* Info.plist */,
			);
			path = GitHubberUITests;
			sourceTree = "<group>";
		};
		CE46674820692D0D00FB8BFC /* utils */ = {
			isa = PBXGroup;
			children = (
				CE46674920692D1D00FB8BFC /* DataManager.swift */,
				CE46676C2069F74700FB8BFC /* Alerter.swift */,
			);
			name = utils;
			path = "New Group";
			sourceTree = "<group>";
		};
		CE46674D20692D2000FB8BFC /* vo */ = {
			isa = PBXGroup;
			children = (
				CE46674E20692D2B00FB8BFC /* RepoVO.swift */,
				CE4667682069ED4600FB8BFC /* RepoEntry.swift */,
			);
			name = vo;
			path = "New Group1";
			sourceTree = "<group>";
		};
		CE46675220692D3100FB8BFC /* constants */ = {
			isa = PBXGroup;
			children = (
				CE46675320692D3C00FB8BFC /* Config.swift */,
				CE46675420692D3C00FB8BFC /* Errors.swift */,
			);
			name = constants;
			path = "New Group2";
			sourceTree = "<group>";
		};
		CE4667632069C85400FB8BFC /* views */ = {
			isa = PBXGroup;
			children = (
				CE4667642069C87600FB8BFC /* RepoTableCell.swift */,
				CE466774206AAC9500FB8BFC /* RepoDetailsTableCell.swift */,
			);
			path = views;
			sourceTree = "<group>";
		};
/* End PBXGroup section */

/* Begin PBXNativeTarget section */
		CE206743206344590083E825 /* GitHubber */ = {
			isa = PBXNativeTarget;
			buildConfigurationList = CE20676C206344590083E825 /* Build configuration list for PBXNativeTarget "GitHubber" */;
			buildPhases = (
				7D4E1913E2AEDCB706821D26 /* [CP] Check Pods Manifest.lock */,
				CE206740206344590083E825 /* Sources */,
				CE206741206344590083E825 /* Frameworks */,
				CE206742206344590083E825 /* Resources */,
				57EA7DCB220C3A7B5C586703 /* [CP] Embed Pods Frameworks */,
				82F552639F8505F9E100DECB /* [CP] Copy Pods Resources */,
				CE20677620647B6A0083E825 /* ShellScript */,
			);
			buildRules = (
			);
			dependencies = (
			);
			name = GitHubber;
			productName = GitHubber;
			productReference = CE206744206344590083E825 /* GitHubber.app */;
			productType = "com.apple.product-type.application";
		};
		CE206757206344590083E825 /* GitHubberTests */ = {
			isa = PBXNativeTarget;
			buildConfigurationList = CE20676F206344590083E825 /* Build configuration list for PBXNativeTarget "GitHubberTests" */;
			buildPhases = (
				DC3811D51E117B84D5AC7E16 /* [CP] Check Pods Manifest.lock */,
				CE206754206344590083E825 /* Sources */,
				CE206755206344590083E825 /* Frameworks */,
				CE206756206344590083E825 /* Resources */,
				A2132AAA14874889A557C156 /* [CP] Embed Pods Frameworks */,
				86A24D7BF6A174F3476766F9 /* [CP] Copy Pods Resources */,
			);
			buildRules = (
			);
			dependencies = (
				CE20675A206344590083E825 /* PBXTargetDependency */,
			);
			name = GitHubberTests;
			productName = GitHubberTests;
			productReference = CE206758206344590083E825 /* GitHubberTests.xctest */;
			productType = "com.apple.product-type.bundle.unit-test";
		};
		CE206762206344590083E825 /* GitHubberUITests */ = {
			isa = PBXNativeTarget;
			buildConfigurationList = CE206772206344590083E825 /* Build configuration list for PBXNativeTarget "GitHubberUITests" */;
			buildPhases = (
				34D8FCAEC78F7F6D7FEF62B2 /* [CP] Check Pods Manifest.lock */,
				CE20675F206344590083E825 /* Sources */,
				CE206760206344590083E825 /* Frameworks */,
				CE206761206344590083E825 /* Resources */,
				3BBEC86C640A98DCA42E7AD2 /* [CP] Embed Pods Frameworks */,
				4E8B934C65ED3E42ED7652AA /* [CP] Copy Pods Resources */,
			);
			buildRules = (
			);
			dependencies = (
				CE206765206344590083E825 /* PBXTargetDependency */,
			);
			name = GitHubberUITests;
			productName = GitHubberUITests;
			productReference = CE206763206344590083E825 /* GitHubberUITests.xctest */;
			productType = "com.apple.product-type.bundle.ui-testing";
		};
/* End PBXNativeTarget section */

/* Begin PBXProject section */
		CE20673C206344590083E825 /* Project object */ = {
			isa = PBXProject;
			attributes = {
				LastSwiftUpdateCheck = 0920;
				LastUpgradeCheck = 0920;
				ORGANIZATIONNAME = "Shalom Friss";
				TargetAttributes = {
					CE206743206344590083E825 = {
						CreatedOnToolsVersion = 9.2;
						ProvisioningStyle = Automatic;
					};
					CE206757206344590083E825 = {
						CreatedOnToolsVersion = 9.2;
						ProvisioningStyle = Automatic;
						TestTargetID = CE206743206344590083E825;
					};
					CE206762206344590083E825 = {
						CreatedOnToolsVersion = 9.2;
						ProvisioningStyle = Automatic;
						TestTargetID = CE206743206344590083E825;
					};
				};
			};
			buildConfigurationList = CE20673F206344590083E825 /* Build configuration list for PBXProject "GitHubber" */;
			compatibilityVersion = "Xcode 8.0";
			developmentRegion = en;
			hasScannedForEncodings = 0;
			knownRegions = (
				en,
				Base,
			);
			mainGroup = CE20673B206344590083E825;
			productRefGroup = CE206745206344590083E825 /* Products */;
			projectDirPath = "";
			projectRoot = "";
			targets = (
				CE206743206344590083E825 /* GitHubber */,
				CE206757206344590083E825 /* GitHubberTests */,
				CE206762206344590083E825 /* GitHubberUITests */,
			);
		};
/* End PBXProject section */

/* Begin PBXResourcesBuildPhase section */
		CE206742206344590083E825 /* Resources */ = {
			isa = PBXResourcesBuildPhase;
			buildActionMask = 2147483647;
			files = (
				CE206780206481930083E825 /* schema.json in Resources */,
				CE206752206344590083E825 /* LaunchScreen.storyboard in Resources */,
				CE2067FE20692C870083E825 /* Repos.graphql in Resources */,
				CE20674F206344590083E825 /* Assets.xcassets in Resources */,
				CE20674D206344590083E825 /* Main.storyboard in Resources */,
			);
			runOnlyForDeploymentPostprocessing = 0;
		};
		CE206756206344590083E825 /* Resources */ = {
			isa = PBXResourcesBuildPhase;
			buildActionMask = 2147483647;
			files = (
				CE206781206481930083E825 /* schema.json in Resources */,
				CE2067FF20692C870083E825 /* Repos.graphql in Resources */,
			);
			runOnlyForDeploymentPostprocessing = 0;
		};
		CE206761206344590083E825 /* Resources */ = {
			isa = PBXResourcesBuildPhase;
			buildActionMask = 2147483647;
			files = (
				CE206782206481930083E825 /* schema.json in Resources */,
				CE20680020692C870083E825 /* Repos.graphql in Resources */,
			);
			runOnlyForDeploymentPostprocessing = 0;
		};
/* End PBXResourcesBuildPhase section */

/* Begin PBXShellScriptBuildPhase section */
		34D8FCAEC78F7F6D7FEF62B2 /* [CP] Check Pods Manifest.lock */ = {
			isa = PBXShellScriptBuildPhase;
			buildActionMask = 2147483647;
			files = (
			);
			inputPaths = (
				"${PODS_PODFILE_DIR_PATH}/Podfile.lock",
				"${PODS_ROOT}/Manifest.lock",
			);
			name = "[CP] Check Pods Manifest.lock";
			outputPaths = (
				"$(DERIVED_FILE_DIR)/Pods-GitHubberUITests-checkManifestLockResult.txt",
			);
			runOnlyForDeploymentPostprocessing = 0;
			shellPath = /bin/sh;
			shellScript = "diff \"${PODS_PODFILE_DIR_PATH}/Podfile.lock\" \"${PODS_ROOT}/Manifest.lock\" > /dev/null\nif [ $? != 0 ] ; then\n    # print error to STDERR\n    echo \"error: The sandbox is not in sync with the Podfile.lock. Run 'pod install' or update your CocoaPods installation.\" >&2\n    exit 1\nfi\n# This output is used by Xcode 'outputs' to avoid re-running this script phase.\necho \"SUCCESS\" > \"${SCRIPT_OUTPUT_FILE_0}\"\n";
			showEnvVarsInLog = 0;
		};
		3BBEC86C640A98DCA42E7AD2 /* [CP] Embed Pods Frameworks */ = {
			isa = PBXShellScriptBuildPhase;
			buildActionMask = 2147483647;
			files = (
			);
			inputPaths = (
				"${SRCROOT}/Pods/Target Support Files/Pods-GitHubberUITests/Pods-GitHubberUITests-frameworks.sh",
				"${BUILT_PRODUCTS_DIR}/Apollo/Apollo.framework",
				"${BUILT_PRODUCTS_DIR}/Realm/Realm.framework",
				"${BUILT_PRODUCTS_DIR}/RealmSwift/RealmSwift.framework",
				"${BUILT_PRODUCTS_DIR}/RxSwift/RxSwift.framework",
				"${BUILT_PRODUCTS_DIR}/RxBlocking/RxBlocking.framework",
				"${BUILT_PRODUCTS_DIR}/RxTest/RxTest.framework",
			);
			name = "[CP] Embed Pods Frameworks";
			outputPaths = (
				"${TARGET_BUILD_DIR}/${FRAMEWORKS_FOLDER_PATH}/Apollo.framework",
				"${TARGET_BUILD_DIR}/${FRAMEWORKS_FOLDER_PATH}/Realm.framework",
				"${TARGET_BUILD_DIR}/${FRAMEWORKS_FOLDER_PATH}/RealmSwift.framework",
				"${TARGET_BUILD_DIR}/${FRAMEWORKS_FOLDER_PATH}/RxSwift.framework",
				"${TARGET_BUILD_DIR}/${FRAMEWORKS_FOLDER_PATH}/RxBlocking.framework",
				"${TARGET_BUILD_DIR}/${FRAMEWORKS_FOLDER_PATH}/RxTest.framework",
			);
			runOnlyForDeploymentPostprocessing = 0;
			shellPath = /bin/sh;
			shellScript = "\"${SRCROOT}/Pods/Target Support Files/Pods-GitHubberUITests/Pods-GitHubberUITests-frameworks.sh\"\n";
			showEnvVarsInLog = 0;
		};
		4E8B934C65ED3E42ED7652AA /* [CP] Copy Pods Resources */ = {
			isa = PBXShellScriptBuildPhase;
			buildActionMask = 2147483647;
			files = (
			);
			inputPaths = (
			);
			name = "[CP] Copy Pods Resources";
			outputPaths = (
			);
			runOnlyForDeploymentPostprocessing = 0;
			shellPath = /bin/sh;
			shellScript = "\"${SRCROOT}/Pods/Target Support Files/Pods-GitHubberUITests/Pods-GitHubberUITests-resources.sh\"\n";
			showEnvVarsInLog = 0;
		};
		57EA7DCB220C3A7B5C586703 /* [CP] Embed Pods Frameworks */ = {
			isa = PBXShellScriptBuildPhase;
			buildActionMask = 2147483647;
			files = (
			);
			inputPaths = (
				"${SRCROOT}/Pods/Target Support Files/Pods-GitHubber/Pods-GitHubber-frameworks.sh",
				"${BUILT_PRODUCTS_DIR}/Apollo/Apollo.framework",
				"${BUILT_PRODUCTS_DIR}/Realm/Realm.framework",
				"${BUILT_PRODUCTS_DIR}/RealmSwift/RealmSwift.framework",
				"${BUILT_PRODUCTS_DIR}/RxCocoa/RxCocoa.framework",
				"${BUILT_PRODUCTS_DIR}/RxSwift/RxSwift.framework",
			);
			name = "[CP] Embed Pods Frameworks";
			outputPaths = (
				"${TARGET_BUILD_DIR}/${FRAMEWORKS_FOLDER_PATH}/Apollo.framework",
				"${TARGET_BUILD_DIR}/${FRAMEWORKS_FOLDER_PATH}/Realm.framework",
				"${TARGET_BUILD_DIR}/${FRAMEWORKS_FOLDER_PATH}/RealmSwift.framework",
				"${TARGET_BUILD_DIR}/${FRAMEWORKS_FOLDER_PATH}/RxCocoa.framework",
				"${TARGET_BUILD_DIR}/${FRAMEWORKS_FOLDER_PATH}/RxSwift.framework",
			);
			runOnlyForDeploymentPostprocessing = 0;
			shellPath = /bin/sh;
			shellScript = "\"${SRCROOT}/Pods/Target Support Files/Pods-GitHubber/Pods-GitHubber-frameworks.sh\"\n";
			showEnvVarsInLog = 0;
		};
		7D4E1913E2AEDCB706821D26 /* [CP] Check Pods Manifest.lock */ = {
			isa = PBXShellScriptBuildPhase;
			buildActionMask = 2147483647;
			files = (
			);
			inputPaths = (
				"${PODS_PODFILE_DIR_PATH}/Podfile.lock",
				"${PODS_ROOT}/Manifest.lock",
			);
			name = "[CP] Check Pods Manifest.lock";
			outputPaths = (
				"$(DERIVED_FILE_DIR)/Pods-GitHubber-checkManifestLockResult.txt",
			);
			runOnlyForDeploymentPostprocessing = 0;
			shellPath = /bin/sh;
			shellScript = "diff \"${PODS_PODFILE_DIR_PATH}/Podfile.lock\" \"${PODS_ROOT}/Manifest.lock\" > /dev/null\nif [ $? != 0 ] ; then\n    # print error to STDERR\n    echo \"error: The sandbox is not in sync with the Podfile.lock. Run 'pod install' or update your CocoaPods installation.\" >&2\n    exit 1\nfi\n# This output is used by Xcode 'outputs' to avoid re-running this script phase.\necho \"SUCCESS\" > \"${SCRIPT_OUTPUT_FILE_0}\"\n";
			showEnvVarsInLog = 0;
		};
		82F552639F8505F9E100DECB /* [CP] Copy Pods Resources */ = {
			isa = PBXShellScriptBuildPhase;
			buildActionMask = 2147483647;
			files = (
			);
			inputPaths = (
			);
			name = "[CP] Copy Pods Resources";
			outputPaths = (
			);
			runOnlyForDeploymentPostprocessing = 0;
			shellPath = /bin/sh;
			shellScript = "\"${SRCROOT}/Pods/Target Support Files/Pods-GitHubber/Pods-GitHubber-resources.sh\"\n";
			showEnvVarsInLog = 0;
		};
		86A24D7BF6A174F3476766F9 /* [CP] Copy Pods Resources */ = {
			isa = PBXShellScriptBuildPhase;
			buildActionMask = 2147483647;
			files = (
			);
			inputPaths = (
			);
			name = "[CP] Copy Pods Resources";
			outputPaths = (
			);
			runOnlyForDeploymentPostprocessing = 0;
			shellPath = /bin/sh;
			shellScript = "\"${SRCROOT}/Pods/Target Support Files/Pods-GitHubberTests/Pods-GitHubberTests-resources.sh\"\n";
			showEnvVarsInLog = 0;
		};
		A2132AAA14874889A557C156 /* [CP] Embed Pods Frameworks */ = {
			isa = PBXShellScriptBuildPhase;
			buildActionMask = 2147483647;
			files = (
			);
			inputPaths = (
				"${SRCROOT}/Pods/Target Support Files/Pods-GitHubberTests/Pods-GitHubberTests-frameworks.sh",
				"${BUILT_PRODUCTS_DIR}/Apollo/Apollo.framework",
				"${BUILT_PRODUCTS_DIR}/Realm/Realm.framework",
				"${BUILT_PRODUCTS_DIR}/RealmSwift/RealmSwift.framework",
				"${BUILT_PRODUCTS_DIR}/RxSwift/RxSwift.framework",
				"${BUILT_PRODUCTS_DIR}/RxBlocking/RxBlocking.framework",
				"${BUILT_PRODUCTS_DIR}/RxTest/RxTest.framework",
			);
			name = "[CP] Embed Pods Frameworks";
			outputPaths = (
				"${TARGET_BUILD_DIR}/${FRAMEWORKS_FOLDER_PATH}/Apollo.framework",
				"${TARGET_BUILD_DIR}/${FRAMEWORKS_FOLDER_PATH}/Realm.framework",
				"${TARGET_BUILD_DIR}/${FRAMEWORKS_FOLDER_PATH}/RealmSwift.framework",
				"${TARGET_BUILD_DIR}/${FRAMEWORKS_FOLDER_PATH}/RxSwift.framework",
				"${TARGET_BUILD_DIR}/${FRAMEWORKS_FOLDER_PATH}/RxBlocking.framework",
				"${TARGET_BUILD_DIR}/${FRAMEWORKS_FOLDER_PATH}/RxTest.framework",
			);
			runOnlyForDeploymentPostprocessing = 0;
			shellPath = /bin/sh;
			shellScript = "\"${SRCROOT}/Pods/Target Support Files/Pods-GitHubberTests/Pods-GitHubberTests-frameworks.sh\"\n";
			showEnvVarsInLog = 0;
		};
		CE20677620647B6A0083E825 /* ShellScript */ = {
			isa = PBXShellScriptBuildPhase;
			buildActionMask = 12;
			files = (
			);
			inputPaths = (
			);
			outputPaths = (
			);
			runOnlyForDeploymentPostprocessing = 0;
			shellPath = /bin/sh;
			shellScript = "APOLLO_FRAMEWORK_PATH=\"$(eval find $FRAMEWORK_SEARCH_PATHS -name \"Apollo.framework\" -maxdepth 1)\"\n\nif [ -z \"$APOLLO_FRAMEWORK_PATH\" ]; then\necho \"error: Couldn't find Apollo.framework in FRAMEWORK_SEARCH_PATHS; make sure to add the framework to your project.\"\nexit 1\nfi\n\ncd \"${SRCROOT}/${TARGET_NAME}\"\n$APOLLO_FRAMEWORK_PATH/check-and-run-apollo-codegen.sh generate $(find . -name '*.graphql') --schema schema.json --output API.swift\n";
		};
		DC3811D51E117B84D5AC7E16 /* [CP] Check Pods Manifest.lock */ = {
			isa = PBXShellScriptBuildPhase;
			buildActionMask = 2147483647;
			files = (
			);
			inputPaths = (
				"${PODS_PODFILE_DIR_PATH}/Podfile.lock",
				"${PODS_ROOT}/Manifest.lock",
			);
			name = "[CP] Check Pods Manifest.lock";
			outputPaths = (
				"$(DERIVED_FILE_DIR)/Pods-GitHubberTests-checkManifestLockResult.txt",
			);
			runOnlyForDeploymentPostprocessing = 0;
			shellPath = /bin/sh;
			shellScript = "diff \"${PODS_PODFILE_DIR_PATH}/Podfile.lock\" \"${PODS_ROOT}/Manifest.lock\" > /dev/null\nif [ $? != 0 ] ; then\n    # print error to STDERR\n    echo \"error: The sandbox is not in sync with the Podfile.lock. Run 'pod install' or update your CocoaPods installation.\" >&2\n    exit 1\nfi\n# This output is used by Xcode 'outputs' to avoid re-running this script phase.\necho \"SUCCESS\" > \"${SCRIPT_OUTPUT_FILE_0}\"\n";
			showEnvVarsInLog = 0;
		};
/* End PBXShellScriptBuildPhase section */

/* Begin PBXSourcesBuildPhase section */
		CE206740206344590083E825 /* Sources */ = {
			isa = PBXSourcesBuildPhase;
			buildActionMask = 2147483647;
			files = (
				CE4667652069C87600FB8BFC /* RepoTableCell.swift in Sources */,
				CE20674A206344590083E825 /* ViewController.swift in Sources */,
				CE46674A20692D1D00FB8BFC /* DataManager.swift in Sources */,
				CE2067CE206492B10083E825 /* API.swift in Sources */,
				CE46674F20692D2B00FB8BFC /* RepoVO.swift in Sources */,
				CE466771206A00F800FB8BFC /* RepoDetailsViewController.swift in Sources */,
				CE4667602069C7E300FB8BFC /* AppModel.swift in Sources */,
				CE46675C2069C6B900FB8BFC /* RepoListingViewController.swift in Sources */,
				CE4667692069ED4600FB8BFC /* RepoEntry.swift in Sources */,
				CE206748206344590083E825 /* AppDelegate.swift in Sources */,
				CE46675520692D3C00FB8BFC /* Config.swift in Sources */,
				CE466775206AAC9500FB8BFC /* RepoDetailsTableCell.swift in Sources */,
				CE46675820692D3C00FB8BFC /* Errors.swift in Sources */,
				CE46676D2069F74700FB8BFC /* Alerter.swift in Sources */,
			);
			runOnlyForDeploymentPostprocessing = 0;
		};
		CE206754206344590083E825 /* Sources */ = {
			isa = PBXSourcesBuildPhase;
			buildActionMask = 2147483647;
			files = (
				CE466772206A00F800FB8BFC /* RepoDetailsViewController.swift in Sources */,
				CE466776206AAC9500FB8BFC /* RepoDetailsTableCell.swift in Sources */,
				CE46676A2069ED4600FB8BFC /* RepoEntry.swift in Sources */,
				CE2067CF206492B10083E825 /* API.swift in Sources */,
				CE4667662069C87600FB8BFC /* RepoTableCell.swift in Sources */,
				CE46674B20692D1D00FB8BFC /* DataManager.swift in Sources */,
				CE46675620692D3C00FB8BFC /* Config.swift in Sources */,
				CE4667612069C7E300FB8BFC /* AppModel.swift in Sources */,
				CE46675D2069C6B900FB8BFC /* RepoListingViewController.swift in Sources */,
				CE46675020692D2B00FB8BFC /* RepoVO.swift in Sources */,
				CE46676E2069F74700FB8BFC /* Alerter.swift in Sources */,
				CE46675920692D3C00FB8BFC /* Errors.swift in Sources */,
				CE20675D206344590083E825 /* GitHubberTests.swift in Sources */,
			);
			runOnlyForDeploymentPostprocessing = 0;
		};
		CE20675F206344590083E825 /* Sources */ = {
			isa = PBXSourcesBuildPhase;
			buildActionMask = 2147483647;
			files = (
				CE466773206A00F800FB8BFC /* RepoDetailsViewController.swift in Sources */,
				CE466777206AAC9500FB8BFC /* RepoDetailsTableCell.swift in Sources */,
				CE46676B2069ED4600FB8BFC /* RepoEntry.swift in Sources */,
				CE2067D0206492B10083E825 /* API.swift in Sources */,
				CE4667672069C87600FB8BFC /* RepoTableCell.swift in Sources */,
				CE46674C20692D1D00FB8BFC /* DataManager.swift in Sources */,
				CE46675720692D3C00FB8BFC /* Config.swift in Sources */,
				CE4667622069C7E300FB8BFC /* AppModel.swift in Sources */,
				CE46675E2069C6B900FB8BFC /* RepoListingViewController.swift in Sources */,
				CE46675120692D2B00FB8BFC /* RepoVO.swift in Sources */,
				CE46676F2069F74700FB8BFC /* Alerter.swift in Sources */,
				CE46675A20692D3C00FB8BFC /* Errors.swift in Sources */,
				CE206768206344590083E825 /* GitHubberUITests.swift in Sources */,
			);
			runOnlyForDeploymentPostprocessing = 0;
		};
/* End PBXSourcesBuildPhase section */

/* Begin PBXTargetDependency section */
		CE20675A206344590083E825 /* PBXTargetDependency */ = {
			isa = PBXTargetDependency;
			target = CE206743206344590083E825 /* GitHubber */;
			targetProxy = CE206759206344590083E825 /* PBXContainerItemProxy */;
		};
		CE206765206344590083E825 /* PBXTargetDependency */ = {
			isa = PBXTargetDependency;
			target = CE206743206344590083E825 /* GitHubber */;
			targetProxy = CE206764206344590083E825 /* PBXContainerItemProxy */;
		};
/* End PBXTargetDependency section */

/* Begin PBXVariantGroup section */
		CE20674B206344590083E825 /* Main.storyboard */ = {
			isa = PBXVariantGroup;
			children = (
				CE20674C206344590083E825 /* Base */,
			);
			name = Main.storyboard;
			sourceTree = "<group>";
		};
		CE206750206344590083E825 /* LaunchScreen.storyboard */ = {
			isa = PBXVariantGroup;
			children = (
				CE206751206344590083E825 /* Base */,
			);
			name = LaunchScreen.storyboard;
			sourceTree = "<group>";
		};
/* End PBXVariantGroup section */

/* Begin XCBuildConfiguration section */
		CE20676A206344590083E825 /* Debug */ = {
			isa = XCBuildConfiguration;
			buildSettings = {
				ALWAYS_SEARCH_USER_PATHS = NO;
				CLANG_ANALYZER_NONNULL = YES;
				CLANG_ANALYZER_NUMBER_OBJECT_CONVERSION = YES_AGGRESSIVE;
				CLANG_CXX_LANGUAGE_STANDARD = "gnu++14";
				CLANG_CXX_LIBRARY = "libc++";
				CLANG_ENABLE_MODULES = YES;
				CLANG_ENABLE_OBJC_ARC = YES;
				CLANG_WARN_BLOCK_CAPTURE_AUTORELEASING = YES;
				CLANG_WARN_BOOL_CONVERSION = YES;
				CLANG_WARN_COMMA = YES;
				CLANG_WARN_CONSTANT_CONVERSION = YES;
				CLANG_WARN_DIRECT_OBJC_ISA_USAGE = YES_ERROR;
				CLANG_WARN_DOCUMENTATION_COMMENTS = YES;
				CLANG_WARN_EMPTY_BODY = YES;
				CLANG_WARN_ENUM_CONVERSION = YES;
				CLANG_WARN_INFINITE_RECURSION = YES;
				CLANG_WARN_INT_CONVERSION = YES;
				CLANG_WARN_NON_LITERAL_NULL_CONVERSION = YES;
				CLANG_WARN_OBJC_LITERAL_CONVERSION = YES;
				CLANG_WARN_OBJC_ROOT_CLASS = YES_ERROR;
				CLANG_WARN_RANGE_LOOP_ANALYSIS = YES;
				CLANG_WARN_STRICT_PROTOTYPES = YES;
				CLANG_WARN_SUSPICIOUS_MOVE = YES;
				CLANG_WARN_UNGUARDED_AVAILABILITY = YES_AGGRESSIVE;
				CLANG_WARN_UNREACHABLE_CODE = YES;
				CLANG_WARN__DUPLICATE_METHOD_MATCH = YES;
				CODE_SIGN_IDENTITY = "iPhone Developer";
				COPY_PHASE_STRIP = NO;
				DEBUG_INFORMATION_FORMAT = dwarf;
				ENABLE_STRICT_OBJC_MSGSEND = YES;
				ENABLE_TESTABILITY = YES;
				GCC_C_LANGUAGE_STANDARD = gnu11;
				GCC_DYNAMIC_NO_PIC = NO;
				GCC_NO_COMMON_BLOCKS = YES;
				GCC_OPTIMIZATION_LEVEL = 0;
				GCC_PREPROCESSOR_DEFINITIONS = (
					"DEBUG=1",
					"$(inherited)",
				);
				GCC_WARN_64_TO_32_BIT_CONVERSION = YES;
				GCC_WARN_ABOUT_RETURN_TYPE = YES_ERROR;
				GCC_WARN_UNDECLARED_SELECTOR = YES;
				GCC_WARN_UNINITIALIZED_AUTOS = YES_AGGRESSIVE;
				GCC_WARN_UNUSED_FUNCTION = YES;
				GCC_WARN_UNUSED_VARIABLE = YES;
				IPHONEOS_DEPLOYMENT_TARGET = 11.2;
				MTL_ENABLE_DEBUG_INFO = YES;
				ONLY_ACTIVE_ARCH = YES;
				SDKROOT = iphoneos;
				SWIFT_ACTIVE_COMPILATION_CONDITIONS = DEBUG;
				SWIFT_OPTIMIZATION_LEVEL = "-Onone";
			};
			name = Debug;
		};
		CE20676B206344590083E825 /* Release */ = {
			isa = XCBuildConfiguration;
			buildSettings = {
				ALWAYS_SEARCH_USER_PATHS = NO;
				CLANG_ANALYZER_NONNULL = YES;
				CLANG_ANALYZER_NUMBER_OBJECT_CONVERSION = YES_AGGRESSIVE;
				CLANG_CXX_LANGUAGE_STANDARD = "gnu++14";
				CLANG_CXX_LIBRARY = "libc++";
				CLANG_ENABLE_MODULES = YES;
				CLANG_ENABLE_OBJC_ARC = YES;
				CLANG_WARN_BLOCK_CAPTURE_AUTORELEASING = YES;
				CLANG_WARN_BOOL_CONVERSION = YES;
				CLANG_WARN_COMMA = YES;
				CLANG_WARN_CONSTANT_CONVERSION = YES;
				CLANG_WARN_DIRECT_OBJC_ISA_USAGE = YES_ERROR;
				CLANG_WARN_DOCUMENTATION_COMMENTS = YES;
				CLANG_WARN_EMPTY_BODY = YES;
				CLANG_WARN_ENUM_CONVERSION = YES;
				CLANG_WARN_INFINITE_RECURSION = YES;
				CLANG_WARN_INT_CONVERSION = YES;
				CLANG_WARN_NON_LITERAL_NULL_CONVERSION = YES;
				CLANG_WARN_OBJC_LITERAL_CONVERSION = YES;
				CLANG_WARN_OBJC_ROOT_CLASS = YES_ERROR;
				CLANG_WARN_RANGE_LOOP_ANALYSIS = YES;
				CLANG_WARN_STRICT_PROTOTYPES = YES;
				CLANG_WARN_SUSPICIOUS_MOVE = YES;
				CLANG_WARN_UNGUARDED_AVAILABILITY = YES_AGGRESSIVE;
				CLANG_WARN_UNREACHABLE_CODE = YES;
				CLANG_WARN__DUPLICATE_METHOD_MATCH = YES;
				CODE_SIGN_IDENTITY = "iPhone Developer";
				COPY_PHASE_STRIP = NO;
				DEBUG_INFORMATION_FORMAT = "dwarf-with-dsym";
				ENABLE_NS_ASSERTIONS = NO;
				ENABLE_STRICT_OBJC_MSGSEND = YES;
				GCC_C_LANGUAGE_STANDARD = gnu11;
				GCC_NO_COMMON_BLOCKS = YES;
				GCC_WARN_64_TO_32_BIT_CONVERSION = YES;
				GCC_WARN_ABOUT_RETURN_TYPE = YES_ERROR;
				GCC_WARN_UNDECLARED_SELECTOR = YES;
				GCC_WARN_UNINITIALIZED_AUTOS = YES_AGGRESSIVE;
				GCC_WARN_UNUSED_FUNCTION = YES;
				GCC_WARN_UNUSED_VARIABLE = YES;
				IPHONEOS_DEPLOYMENT_TARGET = 11.2;
				MTL_ENABLE_DEBUG_INFO = NO;
				SDKROOT = iphoneos;
				SWIFT_OPTIMIZATION_LEVEL = "-Owholemodule";
				VALIDATE_PRODUCT = YES;
			};
			name = Release;
		};
		CE20676D206344590083E825 /* Debug */ = {
			isa = XCBuildConfiguration;
			baseConfigurationReference = A36D580E262D4F9E5F847FB8 /* Pods-GitHubber.debug.xcconfig */;
			buildSettings = {
				ASSETCATALOG_COMPILER_APPICON_NAME = AppIcon;
				CODE_SIGN_STYLE = Automatic;
				DEVELOPMENT_TEAM = 8NN27Z7TQR;
				INFOPLIST_FILE = GitHubber/Info.plist;
				LD_RUNPATH_SEARCH_PATHS = "$(inherited) @executable_path/Frameworks";
				PRODUCT_BUNDLE_IDENTIFIER = com.shalomfriss.githubber.GitHubber;
				PRODUCT_NAME = "$(TARGET_NAME)";
				SWIFT_VERSION = 4.0;
				TARGETED_DEVICE_FAMILY = "1,2";
			};
			name = Debug;
		};
		CE20676E206344590083E825 /* Release */ = {
			isa = XCBuildConfiguration;
			baseConfigurationReference = 4C462A8A23E08D3119651777 /* Pods-GitHubber.release.xcconfig */;
			buildSettings = {
				ASSETCATALOG_COMPILER_APPICON_NAME = AppIcon;
				CODE_SIGN_STYLE = Automatic;
				DEVELOPMENT_TEAM = 8NN27Z7TQR;
				INFOPLIST_FILE = GitHubber/Info.plist;
				LD_RUNPATH_SEARCH_PATHS = "$(inherited) @executable_path/Frameworks";
				PRODUCT_BUNDLE_IDENTIFIER = com.shalomfriss.githubber.GitHubber;
				PRODUCT_NAME = "$(TARGET_NAME)";
				SWIFT_VERSION = 4.0;
				TARGETED_DEVICE_FAMILY = "1,2";
			};
			name = Release;
		};
		CE206770206344590083E825 /* Debug */ = {
			isa = XCBuildConfiguration;
			baseConfigurationReference = EF30FDC28D542EA3305FA291 /* Pods-GitHubberTests.debug.xcconfig */;
			buildSettings = {
				ALWAYS_EMBED_SWIFT_STANDARD_LIBRARIES = YES;
				BUNDLE_LOADER = "$(TEST_HOST)";
				CODE_SIGN_STYLE = Automatic;
				DEVELOPMENT_TEAM = 8NN27Z7TQR;
				INFOPLIST_FILE = GitHubberTests/Info.plist;
				LD_RUNPATH_SEARCH_PATHS = "$(inherited) @executable_path/Frameworks @loader_path/Frameworks";
				PRODUCT_BUNDLE_IDENTIFIER = com.shalomfriss.githubber.GitHubberTests;
				PRODUCT_NAME = "$(TARGET_NAME)";
				SWIFT_VERSION = 4.0;
				TARGETED_DEVICE_FAMILY = "1,2";
				TEST_HOST = "$(BUILT_PRODUCTS_DIR)/GitHubber.app/GitHubber";
			};
			name = Debug;
		};
		CE206771206344590083E825 /* Release */ = {
			isa = XCBuildConfiguration;
			baseConfigurationReference = E4AB6FADA6447C4020DE90F9 /* Pods-GitHubberTests.release.xcconfig */;
			buildSettings = {
				ALWAYS_EMBED_SWIFT_STANDARD_LIBRARIES = YES;
				BUNDLE_LOADER = "$(TEST_HOST)";
				CODE_SIGN_STYLE = Automatic;
				DEVELOPMENT_TEAM = 8NN27Z7TQR;
				INFOPLIST_FILE = GitHubberTests/Info.plist;
				LD_RUNPATH_SEARCH_PATHS = "$(inherited) @executable_path/Frameworks @loader_path/Frameworks";
				PRODUCT_BUNDLE_IDENTIFIER = com.shalomfriss.githubber.GitHubberTests;
				PRODUCT_NAME = "$(TARGET_NAME)";
				SWIFT_VERSION = 4.0;
				TARGETED_DEVICE_FAMILY = "1,2";
				TEST_HOST = "$(BUILT_PRODUCTS_DIR)/GitHubber.app/GitHubber";
			};
			name = Release;
		};
		CE206773206344590083E825 /* Debug */ = {
			isa = XCBuildConfiguration;
			baseConfigurationReference = F423F51F0AEE147179C8C765 /* Pods-GitHubberUITests.debug.xcconfig */;
			buildSettings = {
				ALWAYS_EMBED_SWIFT_STANDARD_LIBRARIES = YES;
				CODE_SIGN_STYLE = Automatic;
				DEVELOPMENT_TEAM = 8NN27Z7TQR;
				INFOPLIST_FILE = GitHubberUITests/Info.plist;
				LD_RUNPATH_SEARCH_PATHS = "$(inherited) @executable_path/Frameworks @loader_path/Frameworks";
				PRODUCT_BUNDLE_IDENTIFIER = com.shalomfriss.githubber.GitHubberUITests;
				PRODUCT_NAME = "$(TARGET_NAME)";
				SWIFT_VERSION = 4.0;
				TARGETED_DEVICE_FAMILY = "1,2";
				TEST_TARGET_NAME = GitHubber;
			};
			name = Debug;
		};
		CE206774206344590083E825 /* Release */ = {
			isa = XCBuildConfiguration;
			baseConfigurationReference = 8E6BEDAC478864C19B59FC81 /* Pods-GitHubberUITests.release.xcconfig */;
			buildSettings = {
				ALWAYS_EMBED_SWIFT_STANDARD_LIBRARIES = YES;
				CODE_SIGN_STYLE = Automatic;
				DEVELOPMENT_TEAM = 8NN27Z7TQR;
				INFOPLIST_FILE = GitHubberUITests/Info.plist;
				LD_RUNPATH_SEARCH_PATHS = "$(inherited) @executable_path/Frameworks @loader_path/Frameworks";
				PRODUCT_BUNDLE_IDENTIFIER = com.shalomfriss.githubber.GitHubberUITests;
				PRODUCT_NAME = "$(TARGET_NAME)";
				SWIFT_VERSION = 4.0;
				TARGETED_DEVICE_FAMILY = "1,2";
				TEST_TARGET_NAME = GitHubber;
			};
			name = Release;
		};
/* End XCBuildConfiguration section */

/* Begin XCConfigurationList section */
		CE20673F206344590083E825 /* Build configuration list for PBXProject "GitHubber" */ = {
			isa = XCConfigurationList;
			buildConfigurations = (
				CE20676A206344590083E825 /* Debug */,
				CE20676B206344590083E825 /* Release */,
			);
			defaultConfigurationIsVisible = 0;
			defaultConfigurationName = Release;
		};
		CE20676C206344590083E825 /* Build configuration list for PBXNativeTarget "GitHubber" */ = {
			isa = XCConfigurationList;
			buildConfigurations = (
				CE20676D206344590083E825 /* Debug */,
				CE20676E206344590083E825 /* Release */,
			);
			defaultConfigurationIsVisible = 0;
			defaultConfigurationName = Release;
		};
		CE20676F206344590083E825 /* Build configuration list for PBXNativeTarget "GitHubberTests" */ = {
			isa = XCConfigurationList;
			buildConfigurations = (
				CE206770206344590083E825 /* Debug */,
				CE206771206344590083E825 /* Release */,
			);
			defaultConfigurationIsVisible = 0;
			defaultConfigurationName = Release;
		};
		CE206772206344590083E825 /* Build configuration list for PBXNativeTarget "GitHubberUITests" */ = {
			isa = XCConfigurationList;
			buildConfigurations = (
				CE206773206344590083E825 /* Debug */,
				CE206774206344590083E825 /* Release */,
			);
			defaultConfigurationIsVisible = 0;
			defaultConfigurationName = Release;
		};
/* End XCConfigurationList section */
	};
	rootObject = CE20673C206344590083E825 /* Project object */;
}
