// !$*UTF8*$!
{
	archiveVersion = 1;
	classes = {
	};
	objectVersion = 48;
	objects = {

/* Begin PBXBuildFile section */
		18D87068F2A01682057A326D /* Pods_GitHubberUITests.framework in Frameworks */ = {isa = PBXBuildFile; fileRef = 190810D04457F33BB7CC4D93 /* Pods_GitHubberUITests.framework */; };
		1A9789E70DDA960D33F472FA /* Pods_GitHubberTests.framework in Frameworks */ = {isa = PBXBuildFile; fileRef = 74DDFF51455B62D7282BB5F4 /* Pods_GitHubberTests.framework */; };
		3E1EAA04BF5E20E104AB3B7E /* Pods_GitHubber.framework in Frameworks */ = {isa = PBXBuildFile; fileRef = CEFE5DF5219270E200516ADC /* Pods_GitHubber.framework */; };
		CE052EC42194DEA200F2017C /* DataManager.swift in Sources */ = {isa = PBXBuildFile; fileRef = CE052EC32194DEA200F2017C /* DataManager.swift */; };
		CE052EC52194DEA900F2017C /* DataManager.swift in Sources */ = {isa = PBXBuildFile; fileRef = CE052EC32194DEA200F2017C /* DataManager.swift */; };
		CE052EC62194DEA900F2017C /* DataManager.swift in Sources */ = {isa = PBXBuildFile; fileRef = CE052EC32194DEA200F2017C /* DataManager.swift */; };
		CE052EC82194DFCC00F2017C /* JsonCodableTests.swift in Sources */ = {isa = PBXBuildFile; fileRef = CE052EC72194DFCC00F2017C /* JsonCodableTests.swift */; };
		CE052ECE21950D3E00F2017C /* CoreDataManager.swift in Sources */ = {isa = PBXBuildFile; fileRef = CE052ECD21950D3D00F2017C /* CoreDataManager.swift */; };
		CE052ECF21950DDF00F2017C /* RepoDetailsViewModel.swift in Sources */ = {isa = PBXBuildFile; fileRef = CE74D0EF219366CF0081E383 /* RepoDetailsViewModel.swift */; };
		CE052ED021950DDF00F2017C /* RepoDetailsModel.swift in Sources */ = {isa = PBXBuildFile; fileRef = CE74D0F121936AC60081E383 /* RepoDetailsModel.swift */; };
		CE052ED121950DDF00F2017C /* RepoDetailsViewModel.swift in Sources */ = {isa = PBXBuildFile; fileRef = CE74D0EF219366CF0081E383 /* RepoDetailsViewModel.swift */; };
		CE052ED221950DDF00F2017C /* RepoDetailsModel.swift in Sources */ = {isa = PBXBuildFile; fileRef = CE74D0F121936AC60081E383 /* RepoDetailsModel.swift */; };
		CE052ED321950DE400F2017C /* SingleRepoDetailsViewController.swift in Sources */ = {isa = PBXBuildFile; fileRef = CE74D0F62193705D0081E383 /* SingleRepoDetailsViewController.swift */; };
		CE052ED421950DE400F2017C /* SingleRepoDetailsViewModel.swift in Sources */ = {isa = PBXBuildFile; fileRef = CE74D0FB21937DA00081E383 /* SingleRepoDetailsViewModel.swift */; };
		CE052ED521950DE400F2017C /* SingleRepoDetailsModel.swift in Sources */ = {isa = PBXBuildFile; fileRef = CE74D0FD21937DB40081E383 /* SingleRepoDetailsModel.swift */; };
		CE052ED621950DE500F2017C /* SingleRepoDetailsViewController.swift in Sources */ = {isa = PBXBuildFile; fileRef = CE74D0F62193705D0081E383 /* SingleRepoDetailsViewController.swift */; };
		CE052ED721950DE500F2017C /* SingleRepoDetailsViewModel.swift in Sources */ = {isa = PBXBuildFile; fileRef = CE74D0FB21937DA00081E383 /* SingleRepoDetailsViewModel.swift */; };
		CE052ED821950DE500F2017C /* SingleRepoDetailsModel.swift in Sources */ = {isa = PBXBuildFile; fileRef = CE74D0FD21937DB40081E383 /* SingleRepoDetailsModel.swift */; };
		CE052EDA21950E8F00F2017C /* ConfigurationManagerTests.swift in Sources */ = {isa = PBXBuildFile; fileRef = CE052ED921950E8F00F2017C /* ConfigurationManagerTests.swift */; };
		CE052EDE2195287F00F2017C /* DataManager+GraphQL.swift in Sources */ = {isa = PBXBuildFile; fileRef = CE052EDD2195287F00F2017C /* DataManager+GraphQL.swift */; };
		CE206748206344590083E825 /* AppDelegate.swift in Sources */ = {isa = PBXBuildFile; fileRef = CE206747206344590083E825 /* AppDelegate.swift */; };
		CE20674A206344590083E825 /* ViewController.swift in Sources */ = {isa = PBXBuildFile; fileRef = CE206749206344590083E825 /* ViewController.swift */; };
		CE20674D206344590083E825 /* Main.storyboard in Resources */ = {isa = PBXBuildFile; fileRef = CE20674B206344590083E825 /* Main.storyboard */; };
		CE20674F206344590083E825 /* Assets.xcassets in Resources */ = {isa = PBXBuildFile; fileRef = CE20674E206344590083E825 /* Assets.xcassets */; };
		CE206752206344590083E825 /* LaunchScreen.storyboard in Resources */ = {isa = PBXBuildFile; fileRef = CE206750206344590083E825 /* LaunchScreen.storyboard */; };
		CE20675D206344590083E825 /* GitHubberTests.swift in Sources */ = {isa = PBXBuildFile; fileRef = CE20675C206344590083E825 /* GitHubberTests.swift */; };
		CE206768206344590083E825 /* GitHubberUITests.swift in Sources */ = {isa = PBXBuildFile; fileRef = CE206767206344590083E825 /* GitHubberUITests.swift */; };
		CE206780206481930083E825 /* schema.json in Resources */ = {isa = PBXBuildFile; fileRef = CE20677F206481930083E825 /* schema.json */; };
		CE206781206481930083E825 /* schema.json in Resources */ = {isa = PBXBuildFile; fileRef = CE20677F206481930083E825 /* schema.json */; };
		CE206782206481930083E825 /* schema.json in Resources */ = {isa = PBXBuildFile; fileRef = CE20677F206481930083E825 /* schema.json */; };
		CE2067CE206492B10083E825 /* API.swift in Sources */ = {isa = PBXBuildFile; fileRef = CE2067CD206492B00083E825 /* API.swift */; };
		CE2067CF206492B10083E825 /* API.swift in Sources */ = {isa = PBXBuildFile; fileRef = CE2067CD206492B00083E825 /* API.swift */; };
		CE2067D0206492B10083E825 /* API.swift in Sources */ = {isa = PBXBuildFile; fileRef = CE2067CD206492B00083E825 /* API.swift */; };
		CE2067FE20692C870083E825 /* Repos.graphql in Resources */ = {isa = PBXBuildFile; fileRef = CE2067FD20692C870083E825 /* Repos.graphql */; };
		CE2067FF20692C870083E825 /* Repos.graphql in Resources */ = {isa = PBXBuildFile; fileRef = CE2067FD20692C870083E825 /* Repos.graphql */; };
		CE20680020692C870083E825 /* Repos.graphql in Resources */ = {isa = PBXBuildFile; fileRef = CE2067FD20692C870083E825 /* Repos.graphql */; };
		CE46674F20692D2B00FB8BFC /* RepoVO.swift in Sources */ = {isa = PBXBuildFile; fileRef = CE46674E20692D2B00FB8BFC /* RepoVO.swift */; };
		CE46675020692D2B00FB8BFC /* RepoVO.swift in Sources */ = {isa = PBXBuildFile; fileRef = CE46674E20692D2B00FB8BFC /* RepoVO.swift */; };
		CE46675120692D2B00FB8BFC /* RepoVO.swift in Sources */ = {isa = PBXBuildFile; fileRef = CE46674E20692D2B00FB8BFC /* RepoVO.swift */; };
		CE46675520692D3C00FB8BFC /* Config.swift in Sources */ = {isa = PBXBuildFile; fileRef = CE46675320692D3C00FB8BFC /* Config.swift */; };
		CE46675620692D3C00FB8BFC /* Config.swift in Sources */ = {isa = PBXBuildFile; fileRef = CE46675320692D3C00FB8BFC /* Config.swift */; };
		CE46675720692D3C00FB8BFC /* Config.swift in Sources */ = {isa = PBXBuildFile; fileRef = CE46675320692D3C00FB8BFC /* Config.swift */; };
		CE46675C2069C6B900FB8BFC /* RepoListingViewController.swift in Sources */ = {isa = PBXBuildFile; fileRef = CE46675B2069C6B900FB8BFC /* RepoListingViewController.swift */; };
		CE46675D2069C6B900FB8BFC /* RepoListingViewController.swift in Sources */ = {isa = PBXBuildFile; fileRef = CE46675B2069C6B900FB8BFC /* RepoListingViewController.swift */; };
		CE46675E2069C6B900FB8BFC /* RepoListingViewController.swift in Sources */ = {isa = PBXBuildFile; fileRef = CE46675B2069C6B900FB8BFC /* RepoListingViewController.swift */; };
		CE4667652069C87600FB8BFC /* RepoTableCell.swift in Sources */ = {isa = PBXBuildFile; fileRef = CE4667642069C87600FB8BFC /* RepoTableCell.swift */; };
		CE4667662069C87600FB8BFC /* RepoTableCell.swift in Sources */ = {isa = PBXBuildFile; fileRef = CE4667642069C87600FB8BFC /* RepoTableCell.swift */; };
		CE4667672069C87600FB8BFC /* RepoTableCell.swift in Sources */ = {isa = PBXBuildFile; fileRef = CE4667642069C87600FB8BFC /* RepoTableCell.swift */; };
		CE4667692069ED4600FB8BFC /* RepoEntry.swift in Sources */ = {isa = PBXBuildFile; fileRef = CE4667682069ED4600FB8BFC /* RepoEntry.swift */; };
		CE46676A2069ED4600FB8BFC /* RepoEntry.swift in Sources */ = {isa = PBXBuildFile; fileRef = CE4667682069ED4600FB8BFC /* RepoEntry.swift */; };
		CE46676B2069ED4600FB8BFC /* RepoEntry.swift in Sources */ = {isa = PBXBuildFile; fileRef = CE4667682069ED4600FB8BFC /* RepoEntry.swift */; };
		CE46676D2069F74700FB8BFC /* Alerter.swift in Sources */ = {isa = PBXBuildFile; fileRef = CE46676C2069F74700FB8BFC /* Alerter.swift */; };
		CE46676E2069F74700FB8BFC /* Alerter.swift in Sources */ = {isa = PBXBuildFile; fileRef = CE46676C2069F74700FB8BFC /* Alerter.swift */; };
		CE46676F2069F74700FB8BFC /* Alerter.swift in Sources */ = {isa = PBXBuildFile; fileRef = CE46676C2069F74700FB8BFC /* Alerter.swift */; };
		CE466771206A00F800FB8BFC /* RepoDetailsViewController.swift in Sources */ = {isa = PBXBuildFile; fileRef = CE466770206A00F800FB8BFC /* RepoDetailsViewController.swift */; };
		CE466772206A00F800FB8BFC /* RepoDetailsViewController.swift in Sources */ = {isa = PBXBuildFile; fileRef = CE466770206A00F800FB8BFC /* RepoDetailsViewController.swift */; };
		CE466773206A00F800FB8BFC /* RepoDetailsViewController.swift in Sources */ = {isa = PBXBuildFile; fileRef = CE466770206A00F800FB8BFC /* RepoDetailsViewController.swift */; };
		CE466775206AAC9500FB8BFC /* RepoDetailsTableCell.swift in Sources */ = {isa = PBXBuildFile; fileRef = CE466774206AAC9500FB8BFC /* RepoDetailsTableCell.swift */; };
		CE466776206AAC9500FB8BFC /* RepoDetailsTableCell.swift in Sources */ = {isa = PBXBuildFile; fileRef = CE466774206AAC9500FB8BFC /* RepoDetailsTableCell.swift */; };
		CE466777206AAC9500FB8BFC /* RepoDetailsTableCell.swift in Sources */ = {isa = PBXBuildFile; fileRef = CE466774206AAC9500FB8BFC /* RepoDetailsTableCell.swift */; };
		CE46677B206C8C7E00FB8BFC /* Extensions.swift in Sources */ = {isa = PBXBuildFile; fileRef = CE46677A206C8C7E00FB8BFC /* Extensions.swift */; };
		CE466781206CA69500FB8BFC /* SystemConfiguration.framework in Frameworks */ = {isa = PBXBuildFile; fileRef = CE466780206CA69500FB8BFC /* SystemConfiguration.framework */; };
		CE466783206DC87400FB8BFC /* Extensions.swift in Sources */ = {isa = PBXBuildFile; fileRef = CE46677A206C8C7E00FB8BFC /* Extensions.swift */; };
		CE466784206DC87400FB8BFC /* Extensions.swift in Sources */ = {isa = PBXBuildFile; fileRef = CE46677A206C8C7E00FB8BFC /* Extensions.swift */; };
		CE466786206DD0C800FB8BFC /* RepoEntryList.swift in Sources */ = {isa = PBXBuildFile; fileRef = CE466785206DD0C800FB8BFC /* RepoEntryList.swift */; };
		CE74D0F0219366CF0081E383 /* RepoDetailsViewModel.swift in Sources */ = {isa = PBXBuildFile; fileRef = CE74D0EF219366CF0081E383 /* RepoDetailsViewModel.swift */; };
		CE74D0F221936AC60081E383 /* RepoDetailsModel.swift in Sources */ = {isa = PBXBuildFile; fileRef = CE74D0F121936AC60081E383 /* RepoDetailsModel.swift */; };
		CE74D0F72193705D0081E383 /* SingleRepoDetailsViewController.swift in Sources */ = {isa = PBXBuildFile; fileRef = CE74D0F62193705D0081E383 /* SingleRepoDetailsViewController.swift */; };
		CE74D0FC21937DA00081E383 /* SingleRepoDetailsViewModel.swift in Sources */ = {isa = PBXBuildFile; fileRef = CE74D0FB21937DA00081E383 /* SingleRepoDetailsViewModel.swift */; };
		CE74D0FE21937DB40081E383 /* SingleRepoDetailsModel.swift in Sources */ = {isa = PBXBuildFile; fileRef = CE74D0FD21937DB40081E383 /* SingleRepoDetailsModel.swift */; };
		CE90C4EE20701C4E002EF033 /* ACTextField.swift in Sources */ = {isa = PBXBuildFile; fileRef = CE90C4ED20701C4E002EF033 /* ACTextField.swift */; };
		CE90C4F02071DD80002EF033 /* users.graphql in Resources */ = {isa = PBXBuildFile; fileRef = CE90C4EF2071DD7F002EF033 /* users.graphql */; };
		CE90C4F12071DD80002EF033 /* users.graphql in Resources */ = {isa = PBXBuildFile; fileRef = CE90C4EF2071DD7F002EF033 /* users.graphql */; };
		CE90C4F22071DD80002EF033 /* users.graphql in Resources */ = {isa = PBXBuildFile; fileRef = CE90C4EF2071DD7F002EF033 /* users.graphql */; };
		CEFE5DB82191575700516ADC /* ViewController.swift in Sources */ = {isa = PBXBuildFile; fileRef = CE206749206344590083E825 /* ViewController.swift */; };
		CEFE5DB92191575700516ADC /* ViewController.swift in Sources */ = {isa = PBXBuildFile; fileRef = CE206749206344590083E825 /* ViewController.swift */; };
		CEFE5DBE2191580700516ADC /* ConfigurationManager.swift in Sources */ = {isa = PBXBuildFile; fileRef = CEFE5DBD2191580700516ADC /* ConfigurationManager.swift */; };
		CEFE5DC12191584200516ADC /* GlobalConfig.plist in Resources */ = {isa = PBXBuildFile; fileRef = CEFE5DC02191584200516ADC /* GlobalConfig.plist */; };
		CEFE5DC32191626600516ADC /* LogManager.swift in Sources */ = {isa = PBXBuildFile; fileRef = CEFE5DC22191626600516ADC /* LogManager.swift */; };
		CEFE5DC72191633800516ADC /* JsonCodable.swift in Sources */ = {isa = PBXBuildFile; fileRef = CEFE5DC62191633800516ADC /* JsonCodable.swift */; };
		CEFE5DC92191636E00516ADC /* NetworkManagerProtocol.swift in Sources */ = {isa = PBXBuildFile; fileRef = CEFE5DC82191636E00516ADC /* NetworkManagerProtocol.swift */; };
		CEFE5DCD2191648F00516ADC /* ServiceProtocol.swift in Sources */ = {isa = PBXBuildFile; fileRef = CEFE5DCC2191648F00516ADC /* ServiceProtocol.swift */; };
		CEFE5DD321916AB600516ADC /* RepoListingModel.swift in Sources */ = {isa = PBXBuildFile; fileRef = CEFE5DD221916AB600516ADC /* RepoListingModel.swift */; };
		CEFE5DD521916ACD00516ADC /* RepoListingViewModel.swift in Sources */ = {isa = PBXBuildFile; fileRef = CEFE5DD421916ACD00516ADC /* RepoListingViewModel.swift */; };
		CEFE5DD72191710100516ADC /* PersistenceManager.swift in Sources */ = {isa = PBXBuildFile; fileRef = CEFE5DD62191710100516ADC /* PersistenceManager.swift */; };
		CEFE5DD92191718A00516ADC /* PersistenceManagerTests.swift in Sources */ = {isa = PBXBuildFile; fileRef = CEFE5DD82191718A00516ADC /* PersistenceManagerTests.swift */; };
		CEFE5DDB219171D500516ADC /* SampleClass.swift in Sources */ = {isa = PBXBuildFile; fileRef = CEFE5DDA219171D500516ADC /* SampleClass.swift */; };
		CEFE5DDE2191722D00516ADC /* ACTextField.swift in Sources */ = {isa = PBXBuildFile; fileRef = CE90C4ED20701C4E002EF033 /* ACTextField.swift */; };
		CEFE5DE02191725300516ADC /* ConfigurationManager.swift in Sources */ = {isa = PBXBuildFile; fileRef = CEFE5DBD2191580700516ADC /* ConfigurationManager.swift */; };
		CEFE5DE12191725400516ADC /* ConfigurationManager.swift in Sources */ = {isa = PBXBuildFile; fileRef = CEFE5DBD2191580700516ADC /* ConfigurationManager.swift */; };
		CEFE5DE22191725800516ADC /* LogManager.swift in Sources */ = {isa = PBXBuildFile; fileRef = CEFE5DC22191626600516ADC /* LogManager.swift */; };
		CEFE5DE32191725800516ADC /* PersistenceManager.swift in Sources */ = {isa = PBXBuildFile; fileRef = CEFE5DD62191710100516ADC /* PersistenceManager.swift */; };
		CEFE5DE42191725900516ADC /* LogManager.swift in Sources */ = {isa = PBXBuildFile; fileRef = CEFE5DC22191626600516ADC /* LogManager.swift */; };
		CEFE5DE62191725900516ADC /* PersistenceManager.swift in Sources */ = {isa = PBXBuildFile; fileRef = CEFE5DD62191710100516ADC /* PersistenceManager.swift */; };
		CEFE5DE72191725E00516ADC /* JsonCodable.swift in Sources */ = {isa = PBXBuildFile; fileRef = CEFE5DC62191633800516ADC /* JsonCodable.swift */; };
		CEFE5DE82191725E00516ADC /* NetworkManagerProtocol.swift in Sources */ = {isa = PBXBuildFile; fileRef = CEFE5DC82191636E00516ADC /* NetworkManagerProtocol.swift */; };
		CEFE5DE92191725E00516ADC /* ServiceProtocol.swift in Sources */ = {isa = PBXBuildFile; fileRef = CEFE5DCC2191648F00516ADC /* ServiceProtocol.swift */; };
		CEFE5DEA2191725F00516ADC /* JsonCodable.swift in Sources */ = {isa = PBXBuildFile; fileRef = CEFE5DC62191633800516ADC /* JsonCodable.swift */; };
		CEFE5DEB2191725F00516ADC /* NetworkManagerProtocol.swift in Sources */ = {isa = PBXBuildFile; fileRef = CEFE5DC82191636E00516ADC /* NetworkManagerProtocol.swift */; };
		CEFE5DEC2191725F00516ADC /* ServiceProtocol.swift in Sources */ = {isa = PBXBuildFile; fileRef = CEFE5DCC2191648F00516ADC /* ServiceProtocol.swift */; };
		CEFE5DEF2191728300516ADC /* RepoListingModel.swift in Sources */ = {isa = PBXBuildFile; fileRef = CEFE5DD221916AB600516ADC /* RepoListingModel.swift */; };
		CEFE5DF02191728300516ADC /* RepoListingViewModel.swift in Sources */ = {isa = PBXBuildFile; fileRef = CEFE5DD421916ACD00516ADC /* RepoListingViewModel.swift */; };
		CEFE5DF12191728400516ADC /* RepoListingModel.swift in Sources */ = {isa = PBXBuildFile; fileRef = CEFE5DD221916AB600516ADC /* RepoListingModel.swift */; };
		CEFE5DF22191728400516ADC /* RepoListingViewModel.swift in Sources */ = {isa = PBXBuildFile; fileRef = CEFE5DD421916ACD00516ADC /* RepoListingViewModel.swift */; };
		CEFE5DF3219270C900516ADC /* RepoEntryList.swift in Sources */ = {isa = PBXBuildFile; fileRef = CE466785206DD0C800FB8BFC /* RepoEntryList.swift */; };
		CEFE5DF4219270CA00516ADC /* RepoEntryList.swift in Sources */ = {isa = PBXBuildFile; fileRef = CE466785206DD0C800FB8BFC /* RepoEntryList.swift */; };
		CEFE5DF6219270E200516ADC /* Pods_GitHubber.framework in Frameworks */ = {isa = PBXBuildFile; fileRef = CEFE5DF5219270E200516ADC /* Pods_GitHubber.framework */; };
		CEFE5DF72192715B00516ADC /* ACTextField.swift in Sources */ = {isa = PBXBuildFile; fileRef = CE90C4ED20701C4E002EF033 /* ACTextField.swift */; };
		CEFE5DF921928FE400516ADC /* SampleClass.swift in Sources */ = {isa = PBXBuildFile; fileRef = CEFE5DF821928FE400516ADC /* SampleClass.swift */; };
		FC988A03E6208E186B311AFA /* Pods_GitHubber.framework in Frameworks */ = {isa = PBXBuildFile; fileRef = 7DD769F407C83483F663EC7A /* Pods_GitHubber.framework */; };
/* End PBXBuildFile section */

/* Begin PBXContainerItemProxy section */
		CE206759206344590083E825 /* PBXContainerItemProxy */ = {
			isa = PBXContainerItemProxy;
			containerPortal = CE20673C206344590083E825 /* Project object */;
			proxyType = 1;
			remoteGlobalIDString = CE206743206344590083E825;
			remoteInfo = GitHubber;
		};
		CE206764206344590083E825 /* PBXContainerItemProxy */ = {
			isa = PBXContainerItemProxy;
			containerPortal = CE20673C206344590083E825 /* Project object */;
			proxyType = 1;
			remoteGlobalIDString = CE206743206344590083E825;
			remoteInfo = GitHubber;
		};
/* End PBXContainerItemProxy section */

/* Begin PBXFileReference section */
		190810D04457F33BB7CC4D93 /* Pods_GitHubberUITests.framework */ = {isa = PBXFileReference; explicitFileType = wrapper.framework; includeInIndex = 0; path = Pods_GitHubberUITests.framework; sourceTree = BUILT_PRODUCTS_DIR; };
		4C462A8A23E08D3119651777 /* Pods-GitHubber.release.xcconfig */ = {isa = PBXFileReference; includeInIndex = 1; lastKnownFileType = text.xcconfig; name = "Pods-GitHubber.release.xcconfig"; path = "Pods/Target Support Files/Pods-GitHubber/Pods-GitHubber.release.xcconfig"; sourceTree = "<group>"; };
		74DDFF51455B62D7282BB5F4 /* Pods_GitHubberTests.framework */ = {isa = PBXFileReference; explicitFileType = wrapper.framework; includeInIndex = 0; path = Pods_GitHubberTests.framework; sourceTree = BUILT_PRODUCTS_DIR; };
		7DD769F407C83483F663EC7A /* Pods_GitHubber.framework */ = {isa = PBXFileReference; explicitFileType = wrapper.framework; includeInIndex = 0; path = Pods_GitHubber.framework; sourceTree = BUILT_PRODUCTS_DIR; };
		8E6BEDAC478864C19B59FC81 /* Pods-GitHubberUITests.release.xcconfig */ = {isa = PBXFileReference; includeInIndex = 1; lastKnownFileType = text.xcconfig; name = "Pods-GitHubberUITests.release.xcconfig"; path = "Pods/Target Support Files/Pods-GitHubberUITests/Pods-GitHubberUITests.release.xcconfig"; sourceTree = "<group>"; };
		A36D580E262D4F9E5F847FB8 /* Pods-GitHubber.debug.xcconfig */ = {isa = PBXFileReference; includeInIndex = 1; lastKnownFileType = text.xcconfig; name = "Pods-GitHubber.debug.xcconfig"; path = "Pods/Target Support Files/Pods-GitHubber/Pods-GitHubber.debug.xcconfig"; sourceTree = "<group>"; };
		CE052EC32194DEA200F2017C /* DataManager.swift */ = {isa = PBXFileReference; fileEncoding = 4; lastKnownFileType = sourcecode.swift; name = DataManager.swift; path = GitHubber/general/managers/DataManager.swift; sourceTree = SOURCE_ROOT; };
		CE052EC72194DFCC00F2017C /* JsonCodableTests.swift */ = {isa = PBXFileReference; lastKnownFileType = sourcecode.swift; path = JsonCodableTests.swift; sourceTree = "<group>"; };
		CE052ECD21950D3D00F2017C /* CoreDataManager.swift */ = {isa = PBXFileReference; fileEncoding = 4; lastKnownFileType = sourcecode.swift; path = CoreDataManager.swift; sourceTree = "<group>"; };
		CE052ED921950E8F00F2017C /* ConfigurationManagerTests.swift */ = {isa = PBXFileReference; lastKnownFileType = sourcecode.swift; path = ConfigurationManagerTests.swift; sourceTree = "<group>"; };
		CE052EDD2195287F00F2017C /* DataManager+GraphQL.swift */ = {isa = PBXFileReference; lastKnownFileType = sourcecode.swift; path = "DataManager+GraphQL.swift"; sourceTree = "<group>"; };
		CE206744206344590083E825 /* GitHubber.app */ = {isa = PBXFileReference; explicitFileType = wrapper.application; includeInIndex = 0; path = GitHubber.app; sourceTree = BUILT_PRODUCTS_DIR; };
		CE206747206344590083E825 /* AppDelegate.swift */ = {isa = PBXFileReference; lastKnownFileType = sourcecode.swift; path = AppDelegate.swift; sourceTree = "<group>"; };
		CE206749206344590083E825 /* ViewController.swift */ = {isa = PBXFileReference; lastKnownFileType = sourcecode.swift; path = ViewController.swift; sourceTree = "<group>"; };
		CE20674C206344590083E825 /* Base */ = {isa = PBXFileReference; lastKnownFileType = file.storyboard; name = Base; path = Base.lproj/Main.storyboard; sourceTree = "<group>"; };
		CE20674E206344590083E825 /* Assets.xcassets */ = {isa = PBXFileReference; lastKnownFileType = folder.assetcatalog; path = Assets.xcassets; sourceTree = "<group>"; };
		CE206751206344590083E825 /* Base */ = {isa = PBXFileReference; lastKnownFileType = file.storyboard; name = Base; path = Base.lproj/LaunchScreen.storyboard; sourceTree = "<group>"; };
		CE206753206344590083E825 /* Info.plist */ = {isa = PBXFileReference; lastKnownFileType = text.plist.xml; path = Info.plist; sourceTree = "<group>"; };
		CE206758206344590083E825 /* GitHubberTests.xctest */ = {isa = PBXFileReference; explicitFileType = wrapper.cfbundle; includeInIndex = 0; path = GitHubberTests.xctest; sourceTree = BUILT_PRODUCTS_DIR; };
		CE20675C206344590083E825 /* GitHubberTests.swift */ = {isa = PBXFileReference; lastKnownFileType = sourcecode.swift; path = GitHubberTests.swift; sourceTree = "<group>"; };
		CE20675E206344590083E825 /* Info.plist */ = {isa = PBXFileReference; lastKnownFileType = text.plist.xml; path = Info.plist; sourceTree = "<group>"; };
		CE206763206344590083E825 /* GitHubberUITests.xctest */ = {isa = PBXFileReference; explicitFileType = wrapper.cfbundle; includeInIndex = 0; path = GitHubberUITests.xctest; sourceTree = BUILT_PRODUCTS_DIR; };
		CE206767206344590083E825 /* GitHubberUITests.swift */ = {isa = PBXFileReference; lastKnownFileType = sourcecode.swift; path = GitHubberUITests.swift; sourceTree = "<group>"; };
		CE206769206344590083E825 /* Info.plist */ = {isa = PBXFileReference; lastKnownFileType = text.plist.xml; path = Info.plist; sourceTree = "<group>"; };
		CE20677F206481930083E825 /* schema.json */ = {isa = PBXFileReference; fileEncoding = 4; lastKnownFileType = text.json; path = schema.json; sourceTree = "<group>"; };
		CE2067CD206492B00083E825 /* API.swift */ = {isa = PBXFileReference; fileEncoding = 4; lastKnownFileType = sourcecode.swift; path = API.swift; sourceTree = "<group>"; };
		CE2067FD20692C870083E825 /* Repos.graphql */ = {isa = PBXFileReference; fileEncoding = 4; lastKnownFileType = text; path = Repos.graphql; sourceTree = "<group>"; };
		CE46674E20692D2B00FB8BFC /* RepoVO.swift */ = {isa = PBXFileReference; fileEncoding = 4; lastKnownFileType = sourcecode.swift; name = RepoVO.swift; path = GitHubber/vo/RepoVO.swift; sourceTree = SOURCE_ROOT; };
		CE46675320692D3C00FB8BFC /* Config.swift */ = {isa = PBXFileReference; fileEncoding = 4; lastKnownFileType = sourcecode.swift; name = Config.swift; path = GitHubber/constants/Config.swift; sourceTree = SOURCE_ROOT; };
		CE46675B2069C6B900FB8BFC /* RepoListingViewController.swift */ = {isa = PBXFileReference; fileEncoding = 4; lastKnownFileType = sourcecode.swift; path = RepoListingViewController.swift; sourceTree = "<group>"; };
		CE4667642069C87600FB8BFC /* RepoTableCell.swift */ = {isa = PBXFileReference; lastKnownFileType = sourcecode.swift; path = RepoTableCell.swift; sourceTree = "<group>"; };
		CE4667682069ED4600FB8BFC /* RepoEntry.swift */ = {isa = PBXFileReference; lastKnownFileType = sourcecode.swift; name = RepoEntry.swift; path = GitHubber/views/RepoEntry.swift; sourceTree = SOURCE_ROOT; };
		CE46676C2069F74700FB8BFC /* Alerter.swift */ = {isa = PBXFileReference; lastKnownFileType = sourcecode.swift; name = Alerter.swift; path = GitHubber/utils/Alerter.swift; sourceTree = SOURCE_ROOT; };
		CE466770206A00F800FB8BFC /* RepoDetailsViewController.swift */ = {isa = PBXFileReference; lastKnownFileType = sourcecode.swift; path = RepoDetailsViewController.swift; sourceTree = "<group>"; };
		CE466774206AAC9500FB8BFC /* RepoDetailsTableCell.swift */ = {isa = PBXFileReference; lastKnownFileType = sourcecode.swift; path = RepoDetailsTableCell.swift; sourceTree = "<group>"; };
		CE46677A206C8C7E00FB8BFC /* Extensions.swift */ = {isa = PBXFileReference; lastKnownFileType = sourcecode.swift; name = Extensions.swift; path = GitHubber/general/extensions/Extensions.swift; sourceTree = SOURCE_ROOT; };
		CE466780206CA69500FB8BFC /* SystemConfiguration.framework */ = {isa = PBXFileReference; lastKnownFileType = wrapper.framework; name = SystemConfiguration.framework; path = System/Library/Frameworks/SystemConfiguration.framework; sourceTree = SDKROOT; };
		CE466785206DD0C800FB8BFC /* RepoEntryList.swift */ = {isa = PBXFileReference; lastKnownFileType = sourcecode.swift; name = RepoEntryList.swift; path = GitHubber/utils/RepoEntryList.swift; sourceTree = SOURCE_ROOT; };
		CE74D0EF219366CF0081E383 /* RepoDetailsViewModel.swift */ = {isa = PBXFileReference; lastKnownFileType = sourcecode.swift; path = RepoDetailsViewModel.swift; sourceTree = "<group>"; };
		CE74D0F121936AC60081E383 /* RepoDetailsModel.swift */ = {isa = PBXFileReference; lastKnownFileType = sourcecode.swift; path = RepoDetailsModel.swift; sourceTree = "<group>"; };
		CE74D0F62193705D0081E383 /* SingleRepoDetailsViewController.swift */ = {isa = PBXFileReference; lastKnownFileType = sourcecode.swift; path = SingleRepoDetailsViewController.swift; sourceTree = "<group>"; };
		CE74D0FB21937DA00081E383 /* SingleRepoDetailsViewModel.swift */ = {isa = PBXFileReference; lastKnownFileType = sourcecode.swift; path = SingleRepoDetailsViewModel.swift; sourceTree = "<group>"; };
		CE74D0FD21937DB40081E383 /* SingleRepoDetailsModel.swift */ = {isa = PBXFileReference; lastKnownFileType = sourcecode.swift; path = SingleRepoDetailsModel.swift; sourceTree = "<group>"; };
		CE90C4ED20701C4E002EF033 /* ACTextField.swift */ = {isa = PBXFileReference; lastKnownFileType = sourcecode.swift; path = ACTextField.swift; sourceTree = "<group>"; };
		CE90C4EF2071DD7F002EF033 /* users.graphql */ = {isa = PBXFileReference; lastKnownFileType = text; path = users.graphql; sourceTree = "<group>"; };
		CEFE5DBD2191580700516ADC /* ConfigurationManager.swift */ = {isa = PBXFileReference; lastKnownFileType = sourcecode.swift; name = ConfigurationManager.swift; path = managers/ConfigurationManager.swift; sourceTree = "<group>"; };
		CEFE5DC02191584200516ADC /* GlobalConfig.plist */ = {isa = PBXFileReference; lastKnownFileType = text.plist.xml; path = GlobalConfig.plist; sourceTree = "<group>"; };
		CEFE5DC22191626600516ADC /* LogManager.swift */ = {isa = PBXFileReference; lastKnownFileType = sourcecode.swift; path = LogManager.swift; sourceTree = "<group>"; };
		CEFE5DC62191633800516ADC /* JsonCodable.swift */ = {isa = PBXFileReference; lastKnownFileType = sourcecode.swift; name = JsonCodable.swift; path = protocols/JsonCodable.swift; sourceTree = "<group>"; };
		CEFE5DC82191636E00516ADC /* NetworkManagerProtocol.swift */ = {isa = PBXFileReference; lastKnownFileType = sourcecode.swift; path = NetworkManagerProtocol.swift; sourceTree = "<group>"; };
		CEFE5DCC2191648F00516ADC /* ServiceProtocol.swift */ = {isa = PBXFileReference; lastKnownFileType = sourcecode.swift; path = ServiceProtocol.swift; sourceTree = "<group>"; };
		CEFE5DD221916AB600516ADC /* RepoListingModel.swift */ = {isa = PBXFileReference; lastKnownFileType = sourcecode.swift; path = RepoListingModel.swift; sourceTree = "<group>"; };
		CEFE5DD421916ACD00516ADC /* RepoListingViewModel.swift */ = {isa = PBXFileReference; lastKnownFileType = sourcecode.swift; path = RepoListingViewModel.swift; sourceTree = "<group>"; };
		CEFE5DD62191710100516ADC /* PersistenceManager.swift */ = {isa = PBXFileReference; lastKnownFileType = sourcecode.swift; path = PersistenceManager.swift; sourceTree = "<group>"; };
		CEFE5DD82191718A00516ADC /* PersistenceManagerTests.swift */ = {isa = PBXFileReference; lastKnownFileType = sourcecode.swift; path = PersistenceManagerTests.swift; sourceTree = "<group>"; };
		CEFE5DDA219171D500516ADC /* SampleClass.swift */ = {isa = PBXFileReference; lastKnownFileType = sourcecode.swift; path = SampleClass.swift; sourceTree = "<group>"; };
		CEFE5DF5219270E200516ADC /* Pods_GitHubber.framework */ = {isa = PBXFileReference; explicitFileType = wrapper.framework; path = Pods_GitHubber.framework; sourceTree = BUILT_PRODUCTS_DIR; };
		CEFE5DF821928FE400516ADC /* SampleClass.swift */ = {isa = PBXFileReference; lastKnownFileType = sourcecode.swift; path = SampleClass.swift; sourceTree = "<group>"; };
		E4AB6FADA6447C4020DE90F9 /* Pods-GitHubberTests.release.xcconfig */ = {isa = PBXFileReference; includeInIndex = 1; lastKnownFileType = text.xcconfig; name = "Pods-GitHubberTests.release.xcconfig"; path = "Pods/Target Support Files/Pods-GitHubberTests/Pods-GitHubberTests.release.xcconfig"; sourceTree = "<group>"; };
		EF30FDC28D542EA3305FA291 /* Pods-GitHubberTests.debug.xcconfig */ = {isa = PBXFileReference; includeInIndex = 1; lastKnownFileType = text.xcconfig; name = "Pods-GitHubberTests.debug.xcconfig"; path = "Pods/Target Support Files/Pods-GitHubberTests/Pods-GitHubberTests.debug.xcconfig"; sourceTree = "<group>"; };
		F423F51F0AEE147179C8C765 /* Pods-GitHubberUITests.debug.xcconfig */ = {isa = PBXFileReference; includeInIndex = 1; lastKnownFileType = text.xcconfig; name = "Pods-GitHubberUITests.debug.xcconfig"; path = "Pods/Target Support Files/Pods-GitHubberUITests/Pods-GitHubberUITests.debug.xcconfig"; sourceTree = "<group>"; };
/* End PBXFileReference section */

/* Begin PBXFrameworksBuildPhase section */
		CE206741206344590083E825 /* Frameworks */ = {
			isa = PBXFrameworksBuildPhase;
			buildActionMask = 2147483647;
			files = (
				CE466781206CA69500FB8BFC /* SystemConfiguration.framework in Frameworks */,
				FC988A03E6208E186B311AFA /* Pods_GitHubber.framework in Frameworks */,
				3E1EAA04BF5E20E104AB3B7E /* Pods_GitHubber.framework in Frameworks */,
			);
			runOnlyForDeploymentPostprocessing = 0;
		};
		CE206755206344590083E825 /* Frameworks */ = {
			isa = PBXFrameworksBuildPhase;
			buildActionMask = 2147483647;
			files = (
				CEFE5DF6219270E200516ADC /* Pods_GitHubber.framework in Frameworks */,
				1A9789E70DDA960D33F472FA /* Pods_GitHubberTests.framework in Frameworks */,
			);
			runOnlyForDeploymentPostprocessing = 0;
		};
		CE206760206344590083E825 /* Frameworks */ = {
			isa = PBXFrameworksBuildPhase;
			buildActionMask = 2147483647;
			files = (
				18D87068F2A01682057A326D /* Pods_GitHubberUITests.framework in Frameworks */,
			);
			runOnlyForDeploymentPostprocessing = 0;
		};
/* End PBXFrameworksBuildPhase section */

/* Begin PBXGroup section */
		5354FD120015C98D17F95AD8 /* Frameworks */ = {
			isa = PBXGroup;
			children = (
				CEFE5DF5219270E200516ADC /* Pods_GitHubber.framework */,
				CE466780206CA69500FB8BFC /* SystemConfiguration.framework */,
				7DD769F407C83483F663EC7A /* Pods_GitHubber.framework */,
				74DDFF51455B62D7282BB5F4 /* Pods_GitHubberTests.framework */,
				190810D04457F33BB7CC4D93 /* Pods_GitHubberUITests.framework */,
			);
			name = Frameworks;
			sourceTree = "<group>";
		};
		ADA8A7C389C621EFD6764C08 /* Pods */ = {
			isa = PBXGroup;
			children = (
				A36D580E262D4F9E5F847FB8 /* Pods-GitHubber.debug.xcconfig */,
				4C462A8A23E08D3119651777 /* Pods-GitHubber.release.xcconfig */,
				EF30FDC28D542EA3305FA291 /* Pods-GitHubberTests.debug.xcconfig */,
				E4AB6FADA6447C4020DE90F9 /* Pods-GitHubberTests.release.xcconfig */,
				F423F51F0AEE147179C8C765 /* Pods-GitHubberUITests.debug.xcconfig */,
				8E6BEDAC478864C19B59FC81 /* Pods-GitHubberUITests.release.xcconfig */,
			);
			name = Pods;
			sourceTree = "<group>";
		};
		CE052EC22194DD8700F2017C /* general */ = {
			isa = PBXGroup;
			children = (
				CE052EC92194E6CD00F2017C /* extensions */,
				CE90C4EC20701C41002EF033 /* components */,
				CE46675220692D3100FB8BFC /* constants */,
				CEFE5DBA2191575F00516ADC /* graphql */,
				CEFE5DBC219157F300516ADC /* managers */,
				CEFE5DC5219162E300516ADC /* protocols */,
				CE46674820692D0D00FB8BFC /* utils */,
				CE46674D20692D2000FB8BFC /* vo */,
			);
			path = general;
			sourceTree = "<group>";
		};
		CE052EC92194E6CD00F2017C /* extensions */ = {
			isa = PBXGroup;
			children = (
				CE46677A206C8C7E00FB8BFC /* Extensions.swift */,
			);
			path = extensions;
			sourceTree = "<group>";
		};
		CE20673B206344590083E825 = {
			isa = PBXGroup;
			children = (
				CE206746206344590083E825 /* GitHubber */,
				CE20675B206344590083E825 /* GitHubberTests */,
				CE206766206344590083E825 /* GitHubberUITests */,
				CE206745206344590083E825 /* Products */,
				ADA8A7C389C621EFD6764C08 /* Pods */,
				5354FD120015C98D17F95AD8 /* Frameworks */,
			);
			sourceTree = "<group>";
		};
		CE206745206344590083E825 /* Products */ = {
			isa = PBXGroup;
			children = (
				CE206744206344590083E825 /* GitHubber.app */,
				CE206758206344590083E825 /* GitHubberTests.xctest */,
				CE206763206344590083E825 /* GitHubberUITests.xctest */,
			);
			name = Products;
			sourceTree = "<group>";
		};
		CE206746206344590083E825 /* GitHubber */ = {
			isa = PBXGroup;
			children = (
				CE052EC22194DD8700F2017C /* general */,
				CE74D0F9219371470081E383 /* configurations */,
				CEFE5DBB2191578400516ADC /* modules */,
				CE74D0FA219371580081E383 /* storyboards */,
				CE2067CD206492B00083E825 /* API.swift */,
				CE20677F206481930083E825 /* schema.json */,
				CE206749206344590083E825 /* ViewController.swift */,
				CE206747206344590083E825 /* AppDelegate.swift */,
				CE206753206344590083E825 /* Info.plist */,
				CEFE5DF821928FE400516ADC /* SampleClass.swift */,
			);
			path = GitHubber;
			sourceTree = "<group>";
		};
		CE20675B206344590083E825 /* GitHubberTests */ = {
			isa = PBXGroup;
			children = (
				CE20675C206344590083E825 /* GitHubberTests.swift */,
				CE20675E206344590083E825 /* Info.plist */,
				CE052EC72194DFCC00F2017C /* JsonCodableTests.swift */,
				CEFE5DD82191718A00516ADC /* PersistenceManagerTests.swift */,
				CEFE5DDA219171D500516ADC /* SampleClass.swift */,
				CE052ED921950E8F00F2017C /* ConfigurationManagerTests.swift */,
			);
			path = GitHubberTests;
			sourceTree = "<group>";
		};
		CE206766206344590083E825 /* GitHubberUITests */ = {
			isa = PBXGroup;
			children = (
				CE206767206344590083E825 /* GitHubberUITests.swift */,
				CE206769206344590083E825 /* Info.plist */,
			);
			path = GitHubberUITests;
			sourceTree = "<group>";
		};
		CE46674820692D0D00FB8BFC /* utils */ = {
			isa = PBXGroup;
			children = (
				CE46676C2069F74700FB8BFC /* Alerter.swift */,
			);
			name = utils;
			path = "New Group";
			sourceTree = "<group>";
		};
		CE46674D20692D2000FB8BFC /* vo */ = {
			isa = PBXGroup;
			children = (
				CE46674E20692D2B00FB8BFC /* RepoVO.swift */,
				CE4667682069ED4600FB8BFC /* RepoEntry.swift */,
				CE466785206DD0C800FB8BFC /* RepoEntryList.swift */,
			);
			name = vo;
			path = "New Group1";
			sourceTree = "<group>";
		};
		CE46675220692D3100FB8BFC /* constants */ = {
			isa = PBXGroup;
			children = (
				CE46675320692D3C00FB8BFC /* Config.swift */,
			);
			name = constants;
			path = "New Group2";
			sourceTree = "<group>";
		};
		CE74D0EE219366A60081E383 /* repodetails */ = {
			isa = PBXGroup;
			children = (
				CE74D0F321936DCF0081E383 /* cells */,
				CE466770206A00F800FB8BFC /* RepoDetailsViewController.swift */,
				CE74D0EF219366CF0081E383 /* RepoDetailsViewModel.swift */,
				CE74D0F121936AC60081E383 /* RepoDetailsModel.swift */,
			);
			path = repodetails;
			sourceTree = "<group>";
		};
		CE74D0F321936DCF0081E383 /* cells */ = {
			isa = PBXGroup;
			children = (
				CE466774206AAC9500FB8BFC /* RepoDetailsTableCell.swift */,
			);
			path = cells;
			sourceTree = "<group>";
		};
		CE74D0F421936DD90081E383 /* cells */ = {
			isa = PBXGroup;
			children = (
				CE4667642069C87600FB8BFC /* RepoTableCell.swift */,
			);
			path = cells;
			sourceTree = "<group>";
		};
		CE74D0F5219370470081E383 /* singlerepodetails */ = {
			isa = PBXGroup;
			children = (
				CE74D0F62193705D0081E383 /* SingleRepoDetailsViewController.swift */,
				CE74D0FB21937DA00081E383 /* SingleRepoDetailsViewModel.swift */,
				CE74D0FD21937DB40081E383 /* SingleRepoDetailsModel.swift */,
			);
			path = singlerepodetails;
			sourceTree = "<group>";
		};
		CE74D0F9219371470081E383 /* configurations */ = {
			isa = PBXGroup;
			children = (
				CEFE5DC02191584200516ADC /* GlobalConfig.plist */,
			);
			path = configurations;
			sourceTree = "<group>";
		};
		CE74D0FA219371580081E383 /* storyboards */ = {
			isa = PBXGroup;
			children = (
				CE20674B206344590083E825 /* Main.storyboard */,
				CE20674E206344590083E825 /* Assets.xcassets */,
				CE206750206344590083E825 /* LaunchScreen.storyboard */,
			);
			path = storyboards;
			sourceTree = "<group>";
		};
		CE90C4EC20701C41002EF033 /* components */ = {
			isa = PBXGroup;
			children = (
				CE90C4ED20701C4E002EF033 /* ACTextField.swift */,
			);
			path = components;
			sourceTree = "<group>";
		};
		CEFE5DBA2191575F00516ADC /* graphql */ = {
			isa = PBXGroup;
			children = (
				CE2067FD20692C870083E825 /* Repos.graphql */,
				CE90C4EF2071DD7F002EF033 /* users.graphql */,
			);
			path = graphql;
			sourceTree = "<group>";
		};
		CEFE5DBB2191578400516ADC /* modules */ = {
			isa = PBXGroup;
			children = (
				CEFE5DD121916A9800516ADC /* repolisting */,
				CE74D0EE219366A60081E383 /* repodetails */,
				CE74D0F5219370470081E383 /* singlerepodetails */,
			);
			path = modules;
			sourceTree = "<group>";
		};
		CEFE5DBC219157F300516ADC /* managers */ = {
			isa = PBXGroup;
			children = (
				CE052EC32194DEA200F2017C /* DataManager.swift */,
				CE052EDD2195287F00F2017C /* DataManager+GraphQL.swift */,
				CEFE5DBD2191580700516ADC /* ConfigurationManager.swift */,
				CEFE5DC22191626600516ADC /* LogManager.swift */,
				CE052ECD21950D3D00F2017C /* CoreDataManager.swift */,
				CEFE5DD62191710100516ADC /* PersistenceManager.swift */,
			);
			path = managers;
			sourceTree = "<group>";
		};
		CEFE5DC5219162E300516ADC /* protocols */ = {
			isa = PBXGroup;
			children = (
				CEFE5DC62191633800516ADC /* JsonCodable.swift */,
				CEFE5DC82191636E00516ADC /* NetworkManagerProtocol.swift */,
				CEFE5DCC2191648F00516ADC /* ServiceProtocol.swift */,
			);
			path = protocols;
			sourceTree = "<group>";
		};
		CEFE5DD121916A9800516ADC /* repolisting */ = {
			isa = PBXGroup;
			children = (
				CE74D0F421936DD90081E383 /* cells */,
				CEFE5DD221916AB600516ADC /* RepoListingModel.swift */,
				CEFE5DD421916ACD00516ADC /* RepoListingViewModel.swift */,
				CE46675B2069C6B900FB8BFC /* RepoListingViewController.swift */,
			);
			path = repolisting;
			sourceTree = "<group>";
		};
/* End PBXGroup section */

/* Begin PBXNativeTarget section */
		CE206743206344590083E825 /* GitHubber */ = {
			isa = PBXNativeTarget;
			buildConfigurationList = CE20676C206344590083E825 /* Build configuration list for PBXNativeTarget "GitHubber" */;
			buildPhases = (
				7D4E1913E2AEDCB706821D26 /* [CP] Check Pods Manifest.lock */,
				CE206740206344590083E825 /* Sources */,
				CE206741206344590083E825 /* Frameworks */,
				CE206742206344590083E825 /* Resources */,
				57EA7DCB220C3A7B5C586703 /* [CP] Embed Pods Frameworks */,
				CE20677620647B6A0083E825 /* ShellScript */,
			);
			buildRules = (
			);
			dependencies = (
			);
			name = GitHubber;
			productName = GitHubber;
			productReference = CE206744206344590083E825 /* GitHubber.app */;
			productType = "com.apple.product-type.application";
		};
		CE206757206344590083E825 /* GitHubberTests */ = {
			isa = PBXNativeTarget;
			buildConfigurationList = CE20676F206344590083E825 /* Build configuration list for PBXNativeTarget "GitHubberTests" */;
			buildPhases = (
				DC3811D51E117B84D5AC7E16 /* [CP] Check Pods Manifest.lock */,
				CE206754206344590083E825 /* Sources */,
				CE206755206344590083E825 /* Frameworks */,
				CE206756206344590083E825 /* Resources */,
				A2132AAA14874889A557C156 /* [CP] Embed Pods Frameworks */,
			);
			buildRules = (
			);
			dependencies = (
				CE20675A206344590083E825 /* PBXTargetDependency */,
			);
			name = GitHubberTests;
			productName = GitHubberTests;
			productReference = CE206758206344590083E825 /* GitHubberTests.xctest */;
			productType = "com.apple.product-type.bundle.unit-test";
		};
		CE206762206344590083E825 /* GitHubberUITests */ = {
			isa = PBXNativeTarget;
			buildConfigurationList = CE206772206344590083E825 /* Build configuration list for PBXNativeTarget "GitHubberUITests" */;
			buildPhases = (
				34D8FCAEC78F7F6D7FEF62B2 /* [CP] Check Pods Manifest.lock */,
				CE20675F206344590083E825 /* Sources */,
				CE206760206344590083E825 /* Frameworks */,
				CE206761206344590083E825 /* Resources */,
				3BBEC86C640A98DCA42E7AD2 /* [CP] Embed Pods Frameworks */,
			);
			buildRules = (
			);
			dependencies = (
				CE206765206344590083E825 /* PBXTargetDependency */,
			);
			name = GitHubberUITests;
			productName = GitHubberUITests;
			productReference = CE206763206344590083E825 /* GitHubberUITests.xctest */;
			productType = "com.apple.product-type.bundle.ui-testing";
		};
/* End PBXNativeTarget section */

/* Begin PBXProject section */
		CE20673C206344590083E825 /* Project object */ = {
			isa = PBXProject;
			attributes = {
				LastSwiftUpdateCheck = 0920;
				LastUpgradeCheck = 0920;
				ORGANIZATIONNAME = "Shalom Friss";
				TargetAttributes = {
					CE206743206344590083E825 = {
						CreatedOnToolsVersion = 9.2;
						ProvisioningStyle = Automatic;
					};
					CE206757206344590083E825 = {
						CreatedOnToolsVersion = 9.2;
						ProvisioningStyle = Automatic;
						TestTargetID = CE206743206344590083E825;
					};
					CE206762206344590083E825 = {
						CreatedOnToolsVersion = 9.2;
						ProvisioningStyle = Automatic;
						TestTargetID = CE206743206344590083E825;
					};
				};
			};
			buildConfigurationList = CE20673F206344590083E825 /* Build configuration list for PBXProject "GitHubber" */;
			compatibilityVersion = "Xcode 8.0";
			developmentRegion = en;
			hasScannedForEncodings = 0;
			knownRegions = (
				en,
				Base,
			);
			mainGroup = CE20673B206344590083E825;
			productRefGroup = CE206745206344590083E825 /* Products */;
			projectDirPath = "";
			projectRoot = "";
			targets = (
				CE206743206344590083E825 /* GitHubber */,
				CE206757206344590083E825 /* GitHubberTests */,
				CE206762206344590083E825 /* GitHubberUITests */,
			);
		};
/* End PBXProject section */

/* Begin PBXResourcesBuildPhase section */
		CE206742206344590083E825 /* Resources */ = {
			isa = PBXResourcesBuildPhase;
			buildActionMask = 2147483647;
			files = (
				CE90C4F02071DD80002EF033 /* users.graphql in Resources */,
				CE206780206481930083E825 /* schema.json in Resources */,
				CE206752206344590083E825 /* LaunchScreen.storyboard in Resources */,
				CEFE5DC12191584200516ADC /* GlobalConfig.plist in Resources */,
				CE2067FE20692C870083E825 /* Repos.graphql in Resources */,
				CE20674F206344590083E825 /* Assets.xcassets in Resources */,
				CE20674D206344590083E825 /* Main.storyboard in Resources */,
			);
			runOnlyForDeploymentPostprocessing = 0;
		};
		CE206756206344590083E825 /* Resources */ = {
			isa = PBXResourcesBuildPhase;
			buildActionMask = 2147483647;
			files = (
				CE90C4F12071DD80002EF033 /* users.graphql in Resources */,
				CE206781206481930083E825 /* schema.json in Resources */,
				CE2067FF20692C870083E825 /* Repos.graphql in Resources */,
			);
			runOnlyForDeploymentPostprocessing = 0;
		};
		CE206761206344590083E825 /* Resources */ = {
			isa = PBXResourcesBuildPhase;
			buildActionMask = 2147483647;
			files = (
				CE90C4F22071DD80002EF033 /* users.graphql in Resources */,
				CE206782206481930083E825 /* schema.json in Resources */,
				CE20680020692C870083E825 /* Repos.graphql in Resources */,
			);
			runOnlyForDeploymentPostprocessing = 0;
		};
/* End PBXResourcesBuildPhase section */

/* Begin PBXShellScriptBuildPhase section */
		34D8FCAEC78F7F6D7FEF62B2 /* [CP] Check Pods Manifest.lock */ = {
			isa = PBXShellScriptBuildPhase;
			buildActionMask = 2147483647;
			files = (
			);
			inputPaths = (
				"${PODS_PODFILE_DIR_PATH}/Podfile.lock",
				"${PODS_ROOT}/Manifest.lock",
			);
			name = "[CP] Check Pods Manifest.lock";
			outputPaths = (
				"$(DERIVED_FILE_DIR)/Pods-GitHubberUITests-checkManifestLockResult.txt",
			);
			runOnlyForDeploymentPostprocessing = 0;
			shellPath = /bin/sh;
			shellScript = "diff \"${PODS_PODFILE_DIR_PATH}/Podfile.lock\" \"${PODS_ROOT}/Manifest.lock\" > /dev/null\nif [ $? != 0 ] ; then\n    # print error to STDERR\n    echo \"error: The sandbox is not in sync with the Podfile.lock. Run 'pod install' or update your CocoaPods installation.\" >&2\n    exit 1\nfi\n# This output is used by Xcode 'outputs' to avoid re-running this script phase.\necho \"SUCCESS\" > \"${SCRIPT_OUTPUT_FILE_0}\"\n";
			showEnvVarsInLog = 0;
		};
		3BBEC86C640A98DCA42E7AD2 /* [CP] Embed Pods Frameworks */ = {
			isa = PBXShellScriptBuildPhase;
			buildActionMask = 2147483647;
			files = (
			);
			inputPaths = (
				"${SRCROOT}/Pods/Target Support Files/Pods-GitHubberUITests/Pods-GitHubberUITests-frameworks.sh",
				"${BUILT_PRODUCTS_DIR}/Alamofire/Alamofire.framework",
				"${BUILT_PRODUCTS_DIR}/Apollo/Apollo.framework",
				"${BUILT_PRODUCTS_DIR}/Down/Down.framework",
				"${BUILT_PRODUCTS_DIR}/Realm/Realm.framework",
				"${BUILT_PRODUCTS_DIR}/RealmSwift/RealmSwift.framework",
				"${BUILT_PRODUCTS_DIR}/RxSwift/RxSwift.framework",
				"${BUILT_PRODUCTS_DIR}/SwiftKeychainWrapper/SwiftKeychainWrapper.framework",
				"${BUILT_PRODUCTS_DIR}/Whisper/Whisper.framework",
				"${BUILT_PRODUCTS_DIR}/RxBlocking/RxBlocking.framework",
				"${BUILT_PRODUCTS_DIR}/RxTest/RxTest.framework",
			);
			name = "[CP] Embed Pods Frameworks";
			outputPaths = (
				"${TARGET_BUILD_DIR}/${FRAMEWORKS_FOLDER_PATH}/Alamofire.framework",
				"${TARGET_BUILD_DIR}/${FRAMEWORKS_FOLDER_PATH}/Apollo.framework",
				"${TARGET_BUILD_DIR}/${FRAMEWORKS_FOLDER_PATH}/Down.framework",
				"${TARGET_BUILD_DIR}/${FRAMEWORKS_FOLDER_PATH}/Realm.framework",
				"${TARGET_BUILD_DIR}/${FRAMEWORKS_FOLDER_PATH}/RealmSwift.framework",
				"${TARGET_BUILD_DIR}/${FRAMEWORKS_FOLDER_PATH}/RxSwift.framework",
				"${TARGET_BUILD_DIR}/${FRAMEWORKS_FOLDER_PATH}/SwiftKeychainWrapper.framework",
				"${TARGET_BUILD_DIR}/${FRAMEWORKS_FOLDER_PATH}/Whisper.framework",
				"${TARGET_BUILD_DIR}/${FRAMEWORKS_FOLDER_PATH}/RxBlocking.framework",
				"${TARGET_BUILD_DIR}/${FRAMEWORKS_FOLDER_PATH}/RxTest.framework",
			);
			runOnlyForDeploymentPostprocessing = 0;
			shellPath = /bin/sh;
			shellScript = "\"${SRCROOT}/Pods/Target Support Files/Pods-GitHubberUITests/Pods-GitHubberUITests-frameworks.sh\"\n";
			showEnvVarsInLog = 0;
		};
		57EA7DCB220C3A7B5C586703 /* [CP] Embed Pods Frameworks */ = {
			isa = PBXShellScriptBuildPhase;
			buildActionMask = 2147483647;
			files = (
			);
			inputPaths = (
				"${SRCROOT}/Pods/Target Support Files/Pods-GitHubber/Pods-GitHubber-frameworks.sh",
				"${BUILT_PRODUCTS_DIR}/Alamofire/Alamofire.framework",
				"${BUILT_PRODUCTS_DIR}/Apollo/Apollo.framework",
				"${BUILT_PRODUCTS_DIR}/Down/Down.framework",
				"${BUILT_PRODUCTS_DIR}/Realm/Realm.framework",
				"${BUILT_PRODUCTS_DIR}/RealmSwift/RealmSwift.framework",
				"${BUILT_PRODUCTS_DIR}/RxCocoa/RxCocoa.framework",
				"${BUILT_PRODUCTS_DIR}/RxSwift/RxSwift.framework",
				"${BUILT_PRODUCTS_DIR}/SwiftKeychainWrapper/SwiftKeychainWrapper.framework",
				"${BUILT_PRODUCTS_DIR}/Whisper/Whisper.framework",
			);
			name = "[CP] Embed Pods Frameworks";
			outputPaths = (
				"${TARGET_BUILD_DIR}/${FRAMEWORKS_FOLDER_PATH}/Alamofire.framework",
				"${TARGET_BUILD_DIR}/${FRAMEWORKS_FOLDER_PATH}/Apollo.framework",
				"${TARGET_BUILD_DIR}/${FRAMEWORKS_FOLDER_PATH}/Down.framework",
				"${TARGET_BUILD_DIR}/${FRAMEWORKS_FOLDER_PATH}/Realm.framework",
				"${TARGET_BUILD_DIR}/${FRAMEWORKS_FOLDER_PATH}/RealmSwift.framework",
				"${TARGET_BUILD_DIR}/${FRAMEWORKS_FOLDER_PATH}/RxCocoa.framework",
				"${TARGET_BUILD_DIR}/${FRAMEWORKS_FOLDER_PATH}/RxSwift.framework",
				"${TARGET_BUILD_DIR}/${FRAMEWORKS_FOLDER_PATH}/SwiftKeychainWrapper.framework",
				"${TARGET_BUILD_DIR}/${FRAMEWORKS_FOLDER_PATH}/Whisper.framework",
			);
			runOnlyForDeploymentPostprocessing = 0;
			shellPath = /bin/sh;
			shellScript = "\"${SRCROOT}/Pods/Target Support Files/Pods-GitHubber/Pods-GitHubber-frameworks.sh\"\n";
			showEnvVarsInLog = 0;
		};
		7D4E1913E2AEDCB706821D26 /* [CP] Check Pods Manifest.lock */ = {
			isa = PBXShellScriptBuildPhase;
			buildActionMask = 2147483647;
			files = (
			);
			inputPaths = (
				"${PODS_PODFILE_DIR_PATH}/Podfile.lock",
				"${PODS_ROOT}/Manifest.lock",
			);
			name = "[CP] Check Pods Manifest.lock";
			outputPaths = (
				"$(DERIVED_FILE_DIR)/Pods-GitHubber-checkManifestLockResult.txt",
			);
			runOnlyForDeploymentPostprocessing = 0;
			shellPath = /bin/sh;
			shellScript = "diff \"${PODS_PODFILE_DIR_PATH}/Podfile.lock\" \"${PODS_ROOT}/Manifest.lock\" > /dev/null\nif [ $? != 0 ] ; then\n    # print error to STDERR\n    echo \"error: The sandbox is not in sync with the Podfile.lock. Run 'pod install' or update your CocoaPods installation.\" >&2\n    exit 1\nfi\n# This output is used by Xcode 'outputs' to avoid re-running this script phase.\necho \"SUCCESS\" > \"${SCRIPT_OUTPUT_FILE_0}\"\n";
			showEnvVarsInLog = 0;
		};
		A2132AAA14874889A557C156 /* [CP] Embed Pods Frameworks */ = {
			isa = PBXShellScriptBuildPhase;
			buildActionMask = 2147483647;
			files = (
			);
			inputPaths = (
				"${SRCROOT}/Pods/Target Support Files/Pods-GitHubberTests/Pods-GitHubberTests-frameworks.sh",
				"${BUILT_PRODUCTS_DIR}/Alamofire/Alamofire.framework",
				"${BUILT_PRODUCTS_DIR}/Apollo/Apollo.framework",
				"${BUILT_PRODUCTS_DIR}/Down/Down.framework",
				"${BUILT_PRODUCTS_DIR}/Realm/Realm.framework",
				"${BUILT_PRODUCTS_DIR}/RealmSwift/RealmSwift.framework",
				"${BUILT_PRODUCTS_DIR}/RxSwift/RxSwift.framework",
				"${BUILT_PRODUCTS_DIR}/SwiftKeychainWrapper/SwiftKeychainWrapper.framework",
				"${BUILT_PRODUCTS_DIR}/Whisper/Whisper.framework",
				"${BUILT_PRODUCTS_DIR}/RxBlocking/RxBlocking.framework",
				"${BUILT_PRODUCTS_DIR}/RxTest/RxTest.framework",
			);
			name = "[CP] Embed Pods Frameworks";
			outputPaths = (
				"${TARGET_BUILD_DIR}/${FRAMEWORKS_FOLDER_PATH}/Alamofire.framework",
				"${TARGET_BUILD_DIR}/${FRAMEWORKS_FOLDER_PATH}/Apollo.framework",
				"${TARGET_BUILD_DIR}/${FRAMEWORKS_FOLDER_PATH}/Down.framework",
				"${TARGET_BUILD_DIR}/${FRAMEWORKS_FOLDER_PATH}/Realm.framework",
				"${TARGET_BUILD_DIR}/${FRAMEWORKS_FOLDER_PATH}/RealmSwift.framework",
				"${TARGET_BUILD_DIR}/${FRAMEWORKS_FOLDER_PATH}/RxSwift.framework",
				"${TARGET_BUILD_DIR}/${FRAMEWORKS_FOLDER_PATH}/SwiftKeychainWrapper.framework",
				"${TARGET_BUILD_DIR}/${FRAMEWORKS_FOLDER_PATH}/Whisper.framework",
				"${TARGET_BUILD_DIR}/${FRAMEWORKS_FOLDER_PATH}/RxBlocking.framework",
				"${TARGET_BUILD_DIR}/${FRAMEWORKS_FOLDER_PATH}/RxTest.framework",
			);
			runOnlyForDeploymentPostprocessing = 0;
			shellPath = /bin/sh;
			shellScript = "\"${SRCROOT}/Pods/Target Support Files/Pods-GitHubberTests/Pods-GitHubberTests-frameworks.sh\"\n";
			showEnvVarsInLog = 0;
		};
		CE20677620647B6A0083E825 /* ShellScript */ = {
			isa = PBXShellScriptBuildPhase;
			buildActionMask = 12;
			files = (
			);
			inputPaths = (
			);
			outputPaths = (
			);
			runOnlyForDeploymentPostprocessing = 0;
			shellPath = /bin/sh;
			shellScript = "APOLLO_FRAMEWORK_PATH=\"$(eval find $FRAMEWORK_SEARCH_PATHS -name \"Apollo.framework\" -maxdepth 1)\"\n\nif [ -z \"$APOLLO_FRAMEWORK_PATH\" ]; then\necho \"error: Couldn't find Apollo.framework in FRAMEWORK_SEARCH_PATHS; make sure to add the framework to your project.\"\nexit 1\nfi\n\ncd \"${SRCROOT}/${TARGET_NAME}\"\n$APOLLO_FRAMEWORK_PATH/check-and-run-apollo-codegen.sh generate $(find . -name '*.graphql') --schema schema.json --output API.swift\n";
		};
		DC3811D51E117B84D5AC7E16 /* [CP] Check Pods Manifest.lock */ = {
			isa = PBXShellScriptBuildPhase;
			buildActionMask = 2147483647;
			files = (
			);
			inputPaths = (
				"${PODS_PODFILE_DIR_PATH}/Podfile.lock",
				"${PODS_ROOT}/Manifest.lock",
			);
			name = "[CP] Check Pods Manifest.lock";
			outputPaths = (
				"$(DERIVED_FILE_DIR)/Pods-GitHubberTests-checkManifestLockResult.txt",
			);
			runOnlyForDeploymentPostprocessing = 0;
			shellPath = /bin/sh;
			shellScript = "diff \"${PODS_PODFILE_DIR_PATH}/Podfile.lock\" \"${PODS_ROOT}/Manifest.lock\" > /dev/null\nif [ $? != 0 ] ; then\n    # print error to STDERR\n    echo \"error: The sandbox is not in sync with the Podfile.lock. Run 'pod install' or update your CocoaPods installation.\" >&2\n    exit 1\nfi\n# This output is used by Xcode 'outputs' to avoid re-running this script phase.\necho \"SUCCESS\" > \"${SCRIPT_OUTPUT_FILE_0}\"\n";
			showEnvVarsInLog = 0;
		};
/* End PBXShellScriptBuildPhase section */

/* Begin PBXSourcesBuildPhase section */
		CE206740206344590083E825 /* Sources */ = {
			isa = PBXSourcesBuildPhase;
			buildActionMask = 2147483647;
			files = (
				CEFE5DC72191633800516ADC /* JsonCodable.swift in Sources */,
				CE4667652069C87600FB8BFC /* RepoTableCell.swift in Sources */,
				CE20674A206344590083E825 /* ViewController.swift in Sources */,
				CEFE5DBE2191580700516ADC /* ConfigurationManager.swift in Sources */,
				CEFE5DD72191710100516ADC /* PersistenceManager.swift in Sources */,
				CE74D0FE21937DB40081E383 /* SingleRepoDetailsModel.swift in Sources */,
				CE052ECE21950D3E00F2017C /* CoreDataManager.swift in Sources */,
				CEFE5DF921928FE400516ADC /* SampleClass.swift in Sources */,
				CEFE5DCD2191648F00516ADC /* ServiceProtocol.swift in Sources */,
				CE466786206DD0C800FB8BFC /* RepoEntryList.swift in Sources */,
				CE2067CE206492B10083E825 /* API.swift in Sources */,
				CEFE5DD321916AB600516ADC /* RepoListingModel.swift in Sources */,
				CEFE5DC32191626600516ADC /* LogManager.swift in Sources */,
				CE46674F20692D2B00FB8BFC /* RepoVO.swift in Sources */,
				CE74D0F72193705D0081E383 /* SingleRepoDetailsViewController.swift in Sources */,
				CE466771206A00F800FB8BFC /* RepoDetailsViewController.swift in Sources */,
				CE052EC42194DEA200F2017C /* DataManager.swift in Sources */,
				CE74D0F221936AC60081E383 /* RepoDetailsModel.swift in Sources */,
				CE90C4EE20701C4E002EF033 /* ACTextField.swift in Sources */,
				CE74D0FC21937DA00081E383 /* SingleRepoDetailsViewModel.swift in Sources */,
				CE46675C2069C6B900FB8BFC /* RepoListingViewController.swift in Sources */,
				CE4667692069ED4600FB8BFC /* RepoEntry.swift in Sources */,
				CE206748206344590083E825 /* AppDelegate.swift in Sources */,
				CEFE5DC92191636E00516ADC /* NetworkManagerProtocol.swift in Sources */,
				CE46675520692D3C00FB8BFC /* Config.swift in Sources */,
				CE466775206AAC9500FB8BFC /* RepoDetailsTableCell.swift in Sources */,
				CE46676D2069F74700FB8BFC /* Alerter.swift in Sources */,
				CE052EDE2195287F00F2017C /* DataManager+GraphQL.swift in Sources */,
				CE74D0F0219366CF0081E383 /* RepoDetailsViewModel.swift in Sources */,
				CE46677B206C8C7E00FB8BFC /* Extensions.swift in Sources */,
				CEFE5DD521916ACD00516ADC /* RepoListingViewModel.swift in Sources */,
			);
			runOnlyForDeploymentPostprocessing = 0;
		};
		CE206754206344590083E825 /* Sources */ = {
			isa = PBXSourcesBuildPhase;
			buildActionMask = 2147483647;
			files = (
				CE052EDA21950E8F00F2017C /* ConfigurationManagerTests.swift in Sources */,
				CE466772206A00F800FB8BFC /* RepoDetailsViewController.swift in Sources */,
				CEFE5DE72191725E00516ADC /* JsonCodable.swift in Sources */,
				CEFE5DE92191725E00516ADC /* ServiceProtocol.swift in Sources */,
				CE466776206AAC9500FB8BFC /* RepoDetailsTableCell.swift in Sources */,
				CEFE5DDE2191722D00516ADC /* ACTextField.swift in Sources */,
				CE46676A2069ED4600FB8BFC /* RepoEntry.swift in Sources */,
				CE2067CF206492B10083E825 /* API.swift in Sources */,
				CEFE5DDB219171D500516ADC /* SampleClass.swift in Sources */,
				CEFE5DB92191575700516ADC /* ViewController.swift in Sources */,
				CEFE5DD92191718A00516ADC /* PersistenceManagerTests.swift in Sources */,
				CE052ED421950DE400F2017C /* SingleRepoDetailsViewModel.swift in Sources */,
				CE4667662069C87600FB8BFC /* RepoTableCell.swift in Sources */,
				CE46675620692D3C00FB8BFC /* Config.swift in Sources */,
				CEFE5DE82191725E00516ADC /* NetworkManagerProtocol.swift in Sources */,
				CE466783206DC87400FB8BFC /* Extensions.swift in Sources */,
				CE052ED521950DE400F2017C /* SingleRepoDetailsModel.swift in Sources */,
				CE46675D2069C6B900FB8BFC /* RepoListingViewController.swift in Sources */,
				CEFE5DEF2191728300516ADC /* RepoListingModel.swift in Sources */,
				CE052ED321950DE400F2017C /* SingleRepoDetailsViewController.swift in Sources */,
				CEFE5DE32191725800516ADC /* PersistenceManager.swift in Sources */,
				CE46675020692D2B00FB8BFC /* RepoVO.swift in Sources */,
				CEFE5DE22191725800516ADC /* LogManager.swift in Sources */,
				CEFE5DF3219270C900516ADC /* RepoEntryList.swift in Sources */,
				CE46676E2069F74700FB8BFC /* Alerter.swift in Sources */,
				CE20675D206344590083E825 /* GitHubberTests.swift in Sources */,
				CEFE5DF02191728300516ADC /* RepoListingViewModel.swift in Sources */,
				CE052EC82194DFCC00F2017C /* JsonCodableTests.swift in Sources */,
				CE052ED021950DDF00F2017C /* RepoDetailsModel.swift in Sources */,
				CE052EC52194DEA900F2017C /* DataManager.swift in Sources */,
				CE052ECF21950DDF00F2017C /* RepoDetailsViewModel.swift in Sources */,
				CEFE5DE02191725300516ADC /* ConfigurationManager.swift in Sources */,
			);
			runOnlyForDeploymentPostprocessing = 0;
		};
		CE20675F206344590083E825 /* Sources */ = {
			isa = PBXSourcesBuildPhase;
			buildActionMask = 2147483647;
			files = (
				CE466773206A00F800FB8BFC /* RepoDetailsViewController.swift in Sources */,
				CEFE5DF12191728400516ADC /* RepoListingModel.swift in Sources */,
				CE466777206AAC9500FB8BFC /* RepoDetailsTableCell.swift in Sources */,
				CE052ED121950DDF00F2017C /* RepoDetailsViewModel.swift in Sources */,
				CEFE5DF72192715B00516ADC /* ACTextField.swift in Sources */,
				CE46676B2069ED4600FB8BFC /* RepoEntry.swift in Sources */,
				CE2067D0206492B10083E825 /* API.swift in Sources */,
				CEFE5DE12191725400516ADC /* ConfigurationManager.swift in Sources */,
				CEFE5DB82191575700516ADC /* ViewController.swift in Sources */,
				CE4667672069C87600FB8BFC /* RepoTableCell.swift in Sources */,
				CEFE5DF22191728400516ADC /* RepoListingViewModel.swift in Sources */,
				CEFE5DE42191725900516ADC /* LogManager.swift in Sources */,
				CE46675720692D3C00FB8BFC /* Config.swift in Sources */,
				CE052ED221950DDF00F2017C /* RepoDetailsModel.swift in Sources */,
				CEFE5DEC2191725F00516ADC /* ServiceProtocol.swift in Sources */,
				CE052ED621950DE500F2017C /* SingleRepoDetailsViewController.swift in Sources */,
				CE466784206DC87400FB8BFC /* Extensions.swift in Sources */,
				CE46675E2069C6B900FB8BFC /* RepoListingViewController.swift in Sources */,
				CE46675120692D2B00FB8BFC /* RepoVO.swift in Sources */,
				CEFE5DE62191725900516ADC /* PersistenceManager.swift in Sources */,
				CE052ED821950DE500F2017C /* SingleRepoDetailsModel.swift in Sources */,
				CEFE5DF4219270CA00516ADC /* RepoEntryList.swift in Sources */,
				CE052ED721950DE500F2017C /* SingleRepoDetailsViewModel.swift in Sources */,
				CEFE5DEA2191725F00516ADC /* JsonCodable.swift in Sources */,
				CE052EC62194DEA900F2017C /* DataManager.swift in Sources */,
				CE46676F2069F74700FB8BFC /* Alerter.swift in Sources */,
				CEFE5DEB2191725F00516ADC /* NetworkManagerProtocol.swift in Sources */,
				CE206768206344590083E825 /* GitHubberUITests.swift in Sources */,
			);
			runOnlyForDeploymentPostprocessing = 0;
		};
/* End PBXSourcesBuildPhase section */

/* Begin PBXTargetDependency section */
		CE20675A206344590083E825 /* PBXTargetDependency */ = {
			isa = PBXTargetDependency;
			target = CE206743206344590083E825 /* GitHubber */;
			targetProxy = CE206759206344590083E825 /* PBXContainerItemProxy */;
		};
		CE206765206344590083E825 /* PBXTargetDependency */ = {
			isa = PBXTargetDependency;
			target = CE206743206344590083E825 /* GitHubber */;
			targetProxy = CE206764206344590083E825 /* PBXContainerItemProxy */;
		};
/* End PBXTargetDependency section */

/* Begin PBXVariantGroup section */
		CE20674B206344590083E825 /* Main.storyboard */ = {
			isa = PBXVariantGroup;
			children = (
				CE20674C206344590083E825 /* Base */,
			);
			name = Main.storyboard;
			sourceTree = "<group>";
		};
		CE206750206344590083E825 /* LaunchScreen.storyboard */ = {
			isa = PBXVariantGroup;
			children = (
				CE206751206344590083E825 /* Base */,
			);
			name = LaunchScreen.storyboard;
			sourceTree = "<group>";
		};
/* End PBXVariantGroup section */

/* Begin XCBuildConfiguration section */
		CE20676A206344590083E825 /* Debug */ = {
			isa = XCBuildConfiguration;
			buildSettings = {
				ALWAYS_SEARCH_USER_PATHS = NO;
				CLANG_ANALYZER_NONNULL = YES;
				CLANG_ANALYZER_NUMBER_OBJECT_CONVERSION = YES_AGGRESSIVE;
				CLANG_CXX_LANGUAGE_STANDARD = "gnu++14";
				CLANG_CXX_LIBRARY = "libc++";
				CLANG_ENABLE_MODULES = YES;
				CLANG_ENABLE_OBJC_ARC = YES;
				CLANG_WARN_BLOCK_CAPTURE_AUTORELEASING = YES;
				CLANG_WARN_BOOL_CONVERSION = YES;
				CLANG_WARN_COMMA = YES;
				CLANG_WARN_CONSTANT_CONVERSION = YES;
				CLANG_WARN_DIRECT_OBJC_ISA_USAGE = YES_ERROR;
				CLANG_WARN_DOCUMENTATION_COMMENTS = YES;
				CLANG_WARN_EMPTY_BODY = YES;
				CLANG_WARN_ENUM_CONVERSION = YES;
				CLANG_WARN_INFINITE_RECURSION = YES;
				CLANG_WARN_INT_CONVERSION = YES;
				CLANG_WARN_NON_LITERAL_NULL_CONVERSION = YES;
				CLANG_WARN_OBJC_LITERAL_CONVERSION = YES;
				CLANG_WARN_OBJC_ROOT_CLASS = YES_ERROR;
				CLANG_WARN_RANGE_LOOP_ANALYSIS = YES;
				CLANG_WARN_STRICT_PROTOTYPES = YES;
				CLANG_WARN_SUSPICIOUS_MOVE = YES;
				CLANG_WARN_UNGUARDED_AVAILABILITY = YES_AGGRESSIVE;
				CLANG_WARN_UNREACHABLE_CODE = YES;
				CLANG_WARN__DUPLICATE_METHOD_MATCH = YES;
				CODE_SIGN_IDENTITY = "iPhone Developer";
				COPY_PHASE_STRIP = NO;
				DEBUG_INFORMATION_FORMAT = dwarf;
				ENABLE_STRICT_OBJC_MSGSEND = YES;
				ENABLE_TESTABILITY = YES;
				GCC_C_LANGUAGE_STANDARD = gnu11;
				GCC_DYNAMIC_NO_PIC = NO;
				GCC_NO_COMMON_BLOCKS = YES;
				GCC_OPTIMIZATION_LEVEL = 0;
				GCC_PREPROCESSOR_DEFINITIONS = (
					"DEBUG=1",
					"$(inherited)",
				);
				GCC_WARN_64_TO_32_BIT_CONVERSION = YES;
				GCC_WARN_ABOUT_RETURN_TYPE = YES_ERROR;
				GCC_WARN_UNDECLARED_SELECTOR = YES;
				GCC_WARN_UNINITIALIZED_AUTOS = YES_AGGRESSIVE;
				GCC_WARN_UNUSED_FUNCTION = YES;
				GCC_WARN_UNUSED_VARIABLE = YES;
				IPHONEOS_DEPLOYMENT_TARGET = 11.2;
				MTL_ENABLE_DEBUG_INFO = YES;
				ONLY_ACTIVE_ARCH = YES;
				SDKROOT = iphoneos;
				SWIFT_ACTIVE_COMPILATION_CONDITIONS = DEBUG;
				SWIFT_OPTIMIZATION_LEVEL = "-Onone";
			};
			name = Debug;
		};
		CE20676B206344590083E825 /* Release */ = {
			isa = XCBuildConfiguration;
			buildSettings = {
				ALWAYS_SEARCH_USER_PATHS = NO;
				CLANG_ANALYZER_NONNULL = YES;
				CLANG_ANALYZER_NUMBER_OBJECT_CONVERSION = YES_AGGRESSIVE;
				CLANG_CXX_LANGUAGE_STANDARD = "gnu++14";
				CLANG_CXX_LIBRARY = "libc++";
				CLANG_ENABLE_MODULES = YES;
				CLANG_ENABLE_OBJC_ARC = YES;
				CLANG_WARN_BLOCK_CAPTURE_AUTORELEASING = YES;
				CLANG_WARN_BOOL_CONVERSION = YES;
				CLANG_WARN_COMMA = YES;
				CLANG_WARN_CONSTANT_CONVERSION = YES;
				CLANG_WARN_DIRECT_OBJC_ISA_USAGE = YES_ERROR;
				CLANG_WARN_DOCUMENTATION_COMMENTS = YES;
				CLANG_WARN_EMPTY_BODY = YES;
				CLANG_WARN_ENUM_CONVERSION = YES;
				CLANG_WARN_INFINITE_RECURSION = YES;
				CLANG_WARN_INT_CONVERSION = YES;
				CLANG_WARN_NON_LITERAL_NULL_CONVERSION = YES;
				CLANG_WARN_OBJC_LITERAL_CONVERSION = YES;
				CLANG_WARN_OBJC_ROOT_CLASS = YES_ERROR;
				CLANG_WARN_RANGE_LOOP_ANALYSIS = YES;
				CLANG_WARN_STRICT_PROTOTYPES = YES;
				CLANG_WARN_SUSPICIOUS_MOVE = YES;
				CLANG_WARN_UNGUARDED_AVAILABILITY = YES_AGGRESSIVE;
				CLANG_WARN_UNREACHABLE_CODE = YES;
				CLANG_WARN__DUPLICATE_METHOD_MATCH = YES;
				CODE_SIGN_IDENTITY = "iPhone Developer";
				COPY_PHASE_STRIP = NO;
				DEBUG_INFORMATION_FORMAT = "dwarf-with-dsym";
				ENABLE_NS_ASSERTIONS = NO;
				ENABLE_STRICT_OBJC_MSGSEND = YES;
				GCC_C_LANGUAGE_STANDARD = gnu11;
				GCC_NO_COMMON_BLOCKS = YES;
				GCC_WARN_64_TO_32_BIT_CONVERSION = YES;
				GCC_WARN_ABOUT_RETURN_TYPE = YES_ERROR;
				GCC_WARN_UNDECLARED_SELECTOR = YES;
				GCC_WARN_UNINITIALIZED_AUTOS = YES_AGGRESSIVE;
				GCC_WARN_UNUSED_FUNCTION = YES;
				GCC_WARN_UNUSED_VARIABLE = YES;
				IPHONEOS_DEPLOYMENT_TARGET = 11.2;
				MTL_ENABLE_DEBUG_INFO = NO;
				SDKROOT = iphoneos;
				SWIFT_OPTIMIZATION_LEVEL = "-Owholemodule";
				VALIDATE_PRODUCT = YES;
			};
			name = Release;
		};
		CE20676D206344590083E825 /* Debug */ = {
			isa = XCBuildConfiguration;
			baseConfigurationReference = A36D580E262D4F9E5F847FB8 /* Pods-GitHubber.debug.xcconfig */;
			buildSettings = {
				ASSETCATALOG_COMPILER_APPICON_NAME = AppIcon;
				CODE_SIGN_STYLE = Automatic;
				DEVELOPMENT_TEAM = 8NN27Z7TQR;
				INFOPLIST_FILE = GitHubber/Info.plist;
				IPHONEOS_DEPLOYMENT_TARGET = 10.3;
				LD_RUNPATH_SEARCH_PATHS = "$(inherited) @executable_path/Frameworks";
				PRODUCT_BUNDLE_IDENTIFIER = com.shalomfriss.githubber.GitHubber;
				PRODUCT_NAME = "$(TARGET_NAME)";
				SWIFT_VERSION = 4.0;
				TARGETED_DEVICE_FAMILY = "1,2";
			};
			name = Debug;
		};
		CE20676E206344590083E825 /* Release */ = {
			isa = XCBuildConfiguration;
			baseConfigurationReference = 4C462A8A23E08D3119651777 /* Pods-GitHubber.release.xcconfig */;
			buildSettings = {
				ASSETCATALOG_COMPILER_APPICON_NAME = AppIcon;
				CODE_SIGN_STYLE = Automatic;
				DEVELOPMENT_TEAM = 8NN27Z7TQR;
				INFOPLIST_FILE = GitHubber/Info.plist;
				IPHONEOS_DEPLOYMENT_TARGET = 10.3;
				LD_RUNPATH_SEARCH_PATHS = "$(inherited) @executable_path/Frameworks";
				PRODUCT_BUNDLE_IDENTIFIER = com.shalomfriss.githubber.GitHubber;
				PRODUCT_NAME = "$(TARGET_NAME)";
				SWIFT_VERSION = 4.0;
				TARGETED_DEVICE_FAMILY = "1,2";
			};
			name = Release;
		};
		CE206770206344590083E825 /* Debug */ = {
			isa = XCBuildConfiguration;
			baseConfigurationReference = EF30FDC28D542EA3305FA291 /* Pods-GitHubberTests.debug.xcconfig */;
			buildSettings = {
				ALWAYS_EMBED_SWIFT_STANDARD_LIBRARIES = YES;
				BUNDLE_LOADER = "$(TEST_HOST)";
				CODE_SIGN_STYLE = Automatic;
				DEVELOPMENT_TEAM = 8NN27Z7TQR;
				INFOPLIST_FILE = GitHubberTests/Info.plist;
				LD_RUNPATH_SEARCH_PATHS = "$(inherited) @executable_path/Frameworks @loader_path/Frameworks";
				PRODUCT_BUNDLE_IDENTIFIER = com.shalomfriss.githubber.GitHubberTests;
				PRODUCT_NAME = "$(TARGET_NAME)";
				SWIFT_VERSION = 4.0;
				TARGETED_DEVICE_FAMILY = "1,2";
				TEST_HOST = "$(BUILT_PRODUCTS_DIR)/GitHubber.app/GitHubber";
			};
			name = Debug;
		};
		CE206771206344590083E825 /* Release */ = {
			isa = XCBuildConfiguration;
			baseConfigurationReference = E4AB6FADA6447C4020DE90F9 /* Pods-GitHubberTests.release.xcconfig */;
			buildSettings = {
				ALWAYS_EMBED_SWIFT_STANDARD_LIBRARIES = YES;
				BUNDLE_LOADER = "$(TEST_HOST)";
				CODE_SIGN_STYLE = Automatic;
				DEVELOPMENT_TEAM = 8NN27Z7TQR;
				INFOPLIST_FILE = GitHubberTests/Info.plist;
				LD_RUNPATH_SEARCH_PATHS = "$(inherited) @executable_path/Frameworks @loader_path/Frameworks";
				PRODUCT_BUNDLE_IDENTIFIER = com.shalomfriss.githubber.GitHubberTests;
				PRODUCT_NAME = "$(TARGET_NAME)";
				SWIFT_VERSION = 4.0;
				TARGETED_DEVICE_FAMILY = "1,2";
				TEST_HOST = "$(BUILT_PRODUCTS_DIR)/GitHubber.app/GitHubber";
			};
			name = Release;
		};
		CE206773206344590083E825 /* Debug */ = {
			isa = XCBuildConfiguration;
			baseConfigurationReference = F423F51F0AEE147179C8C765 /* Pods-GitHubberUITests.debug.xcconfig */;
			buildSettings = {
				ALWAYS_EMBED_SWIFT_STANDARD_LIBRARIES = YES;
				CODE_SIGN_STYLE = Automatic;
				DEVELOPMENT_TEAM = 8NN27Z7TQR;
				INFOPLIST_FILE = GitHubberUITests/Info.plist;
				LD_RUNPATH_SEARCH_PATHS = "$(inherited) @executable_path/Frameworks @loader_path/Frameworks";
				PRODUCT_BUNDLE_IDENTIFIER = com.shalomfriss.githubber.GitHubberUITests;
				PRODUCT_NAME = "$(TARGET_NAME)";
				SWIFT_VERSION = 4.0;
				TARGETED_DEVICE_FAMILY = "1,2";
				TEST_TARGET_NAME = GitHubber;
			};
			name = Debug;
		};
		CE206774206344590083E825 /* Release */ = {
			isa = XCBuildConfiguration;
			baseConfigurationReference = 8E6BEDAC478864C19B59FC81 /* Pods-GitHubberUITests.release.xcconfig */;
			buildSettings = {
				ALWAYS_EMBED_SWIFT_STANDARD_LIBRARIES = YES;
				CODE_SIGN_STYLE = Automatic;
				DEVELOPMENT_TEAM = 8NN27Z7TQR;
				INFOPLIST_FILE = GitHubberUITests/Info.plist;
				LD_RUNPATH_SEARCH_PATHS = "$(inherited) @executable_path/Frameworks @loader_path/Frameworks";
				PRODUCT_BUNDLE_IDENTIFIER = com.shalomfriss.githubber.GitHubberUITests;
				PRODUCT_NAME = "$(TARGET_NAME)";
				SWIFT_VERSION = 4.0;
				TARGETED_DEVICE_FAMILY = "1,2";
				TEST_TARGET_NAME = GitHubber;
			};
			name = Release;
		};
/* End XCBuildConfiguration section */

/* Begin XCConfigurationList section */
		CE20673F206344590083E825 /* Build configuration list for PBXProject "GitHubber" */ = {
			isa = XCConfigurationList;
			buildConfigurations = (
				CE20676A206344590083E825 /* Debug */,
				CE20676B206344590083E825 /* Release */,
			);
			defaultConfigurationIsVisible = 0;
			defaultConfigurationName = Release;
		};
		CE20676C206344590083E825 /* Build configuration list for PBXNativeTarget "GitHubber" */ = {
			isa = XCConfigurationList;
			buildConfigurations = (
				CE20676D206344590083E825 /* Debug */,
				CE20676E206344590083E825 /* Release */,
			);
			defaultConfigurationIsVisible = 0;
			defaultConfigurationName = Release;
		};
		CE20676F206344590083E825 /* Build configuration list for PBXNativeTarget "GitHubberTests" */ = {
			isa = XCConfigurationList;
			buildConfigurations = (
				CE206770206344590083E825 /* Debug */,
				CE206771206344590083E825 /* Release */,
			);
			defaultConfigurationIsVisible = 0;
			defaultConfigurationName = Release;
		};
		CE206772206344590083E825 /* Build configuration list for PBXNativeTarget "GitHubberUITests" */ = {
			isa = XCConfigurationList;
			buildConfigurations = (
				CE206773206344590083E825 /* Debug */,
				CE206774206344590083E825 /* Release */,
			);
			defaultConfigurationIsVisible = 0;
			defaultConfigurationName = Release;
		};
/* End XCConfigurationList section */
	};
	rootObject = CE20673C206344590083E825 /* Project object */;
}
